// !$*UTF8*$!
{
	archiveVersion = 1;
	classes = {
	};
	objectVersion = 45;
	objects = {

/* Begin PBXBuildFile section */
		1D3623260D0F684500981E51 /* glvAppDelegate.m in Sources */ = {isa = PBXBuildFile; fileRef = 1D3623250D0F684500981E51 /* glvAppDelegate.m */; };
		1D60589B0D05DD56006BFB54 /* main.m in Sources */ = {isa = PBXBuildFile; fileRef = 29B97316FDCFA39411CA2CEA /* main.m */; };
		1D60589F0D05DD5A006BFB54 /* Foundation.framework in Frameworks */ = {isa = PBXBuildFile; fileRef = 1D30AB110D05D00D00671497 /* Foundation.framework */; };
		1DF5F4E00D08C38300B7A737 /* UIKit.framework in Frameworks */ = {isa = PBXBuildFile; fileRef = 1DF5F4DF0D08C38300B7A737 /* UIKit.framework */; };
		2514C27210084DB100A42282 /* ES1Renderer.m in Sources */ = {isa = PBXBuildFile; fileRef = 2514C26E10084DB100A42282 /* ES1Renderer.m */; };
		2514C27310084DB100A42282 /* ES2Renderer.m in Sources */ = {isa = PBXBuildFile; fileRef = 2514C27010084DB100A42282 /* ES2Renderer.m */; };
		2514C27B10084DCA00A42282 /* Shader.fsh in Resources */ = {isa = PBXBuildFile; fileRef = 2514C27910084DCA00A42282 /* Shader.fsh */; };
		2514C27C10084DCA00A42282 /* Shader.vsh in Resources */ = {isa = PBXBuildFile; fileRef = 2514C27A10084DCA00A42282 /* Shader.vsh */; };
		28AD733F0D9D9553002E5188 /* MainWindow.xib in Resources */ = {isa = PBXBuildFile; fileRef = 28AD733E0D9D9553002E5188 /* MainWindow.xib */; };
		28FD14FE0DC6FC130079059D /* EAGLView.m in Sources */ = {isa = PBXBuildFile; fileRef = 28FD14FD0DC6FC130079059D /* EAGLView.m */; };
		28FD15000DC6FC520079059D /* OpenGLES.framework in Frameworks */ = {isa = PBXBuildFile; fileRef = 28FD14FF0DC6FC520079059D /* OpenGLES.framework */; };
		28FD15080DC6FC5B0079059D /* QuartzCore.framework in Frameworks */ = {isa = PBXBuildFile; fileRef = 28FD15070DC6FC5B0079059D /* QuartzCore.framework */; };
		362127881173A42B009CB6FC /* glv_binding.cpp in Sources */ = {isa = PBXBuildFile; fileRef = 3621276E1173A41C009CB6FC /* glv_binding.cpp */; };
		362127891173A42B009CB6FC /* glv_binding_glut.cpp in Sources */ = {isa = PBXBuildFile; fileRef = 3621276F1173A41C009CB6FC /* glv_binding_glut.cpp */; };
		3621278A1173A42B009CB6FC /* glv_buttons.cpp in Sources */ = {isa = PBXBuildFile; fileRef = 362127701173A41C009CB6FC /* glv_buttons.cpp */; };
		3621278B1173A42B009CB6FC /* glv_color.cpp in Sources */ = {isa = PBXBuildFile; fileRef = 362127711173A41C009CB6FC /* glv_color.cpp */; };
		3621278C1173A42B009CB6FC /* glv_core.cpp in Sources */ = {isa = PBXBuildFile; fileRef = 362127721173A41C009CB6FC /* glv_core.cpp */; };
		3621278D1173A42B009CB6FC /* glv_draw.cpp in Sources */ = {isa = PBXBuildFile; fileRef = 362127731173A41C009CB6FC /* glv_draw.cpp */; };
		3621278E1173A42B009CB6FC /* glv_glv.cpp in Sources */ = {isa = PBXBuildFile; fileRef = 362127741173A41C009CB6FC /* glv_glv.cpp */; };
		3621278F1173A42B009CB6FC /* glv_inputdevice.cpp in Sources */ = {isa = PBXBuildFile; fileRef = 362127751173A41C009CB6FC /* glv_inputdevice.cpp */; };
		362127901173A42B009CB6FC /* glv_layout.cpp in Sources */ = {isa = PBXBuildFile; fileRef = 362127761173A41C009CB6FC /* glv_layout.cpp */; };
		362127911173A42B009CB6FC /* glv_plots.cpp in Sources */ = {isa = PBXBuildFile; fileRef = 362127771173A41C009CB6FC /* glv_plots.cpp */; };
		362127921173A42B009CB6FC /* glv_sliders.cpp in Sources */ = {isa = PBXBuildFile; fileRef = 362127781173A41C009CB6FC /* glv_sliders.cpp */; };
		362127931173A42B009CB6FC /* glv_texture.cpp in Sources */ = {isa = PBXBuildFile; fileRef = 362127791173A41C009CB6FC /* glv_texture.cpp */; };
		362127941173A42B009CB6FC /* glv_textview.cpp in Sources */ = {isa = PBXBuildFile; fileRef = 3621277A1173A41C009CB6FC /* glv_textview.cpp */; };
		362127951173A42B009CB6FC /* glv_view.cpp in Sources */ = {isa = PBXBuildFile; fileRef = 3621277B1173A41C009CB6FC /* glv_view.cpp */; };
		362127961173A42B009CB6FC /* glv_view3D.cpp in Sources */ = {isa = PBXBuildFile; fileRef = 3621277C1173A41C009CB6FC /* glv_view3D.cpp */; };
		362127971173A434009CB6FC /* test_glv.cpp in Sources */ = {isa = PBXBuildFile; fileRef = 362127801173A41C009CB6FC /* test_glv.cpp */; };
/* End PBXBuildFile section */

/* Begin PBXFileReference section */
		1D30AB110D05D00D00671497 /* Foundation.framework */ = {isa = PBXFileReference; lastKnownFileType = wrapper.framework; name = Foundation.framework; path = System/Library/Frameworks/Foundation.framework; sourceTree = SDKROOT; };
		1D3623240D0F684500981E51 /* glvAppDelegate.h */ = {isa = PBXFileReference; fileEncoding = 4; lastKnownFileType = sourcecode.c.h; path = glvAppDelegate.h; sourceTree = "<group>"; };
		1D3623250D0F684500981E51 /* glvAppDelegate.m */ = {isa = PBXFileReference; fileEncoding = 4; lastKnownFileType = sourcecode.c.objc; path = glvAppDelegate.m; sourceTree = "<group>"; };
		1D6058910D05DD3D006BFB54 /* glv.app */ = {isa = PBXFileReference; explicitFileType = wrapper.application; includeInIndex = 0; path = glv.app; sourceTree = BUILT_PRODUCTS_DIR; };
		1DF5F4DF0D08C38300B7A737 /* UIKit.framework */ = {isa = PBXFileReference; lastKnownFileType = wrapper.framework; name = UIKit.framework; path = System/Library/Frameworks/UIKit.framework; sourceTree = SDKROOT; };
		2514C26D10084DB100A42282 /* ES1Renderer.h */ = {isa = PBXFileReference; fileEncoding = 4; lastKnownFileType = sourcecode.c.h; path = ES1Renderer.h; sourceTree = "<group>"; };
		2514C26E10084DB100A42282 /* ES1Renderer.m */ = {isa = PBXFileReference; fileEncoding = 4; lastKnownFileType = sourcecode.c.objc; path = ES1Renderer.m; sourceTree = "<group>"; };
		2514C26F10084DB100A42282 /* ES2Renderer.h */ = {isa = PBXFileReference; fileEncoding = 4; lastKnownFileType = sourcecode.c.h; path = ES2Renderer.h; sourceTree = "<group>"; };
		2514C27010084DB100A42282 /* ES2Renderer.m */ = {isa = PBXFileReference; fileEncoding = 4; lastKnownFileType = sourcecode.c.objc; path = ES2Renderer.m; sourceTree = "<group>"; };
		2514C27110084DB100A42282 /* ESRenderer.h */ = {isa = PBXFileReference; fileEncoding = 4; lastKnownFileType = sourcecode.c.h; path = ESRenderer.h; sourceTree = "<group>"; };
		2514C27910084DCA00A42282 /* Shader.fsh */ = {isa = PBXFileReference; fileEncoding = 4; lastKnownFileType = sourcecode.glsl; name = Shader.fsh; path = Shaders/Shader.fsh; sourceTree = "<group>"; };
		2514C27A10084DCA00A42282 /* Shader.vsh */ = {isa = PBXFileReference; fileEncoding = 4; lastKnownFileType = sourcecode.glsl; name = Shader.vsh; path = Shaders/Shader.vsh; sourceTree = "<group>"; };
		28AD733E0D9D9553002E5188 /* MainWindow.xib */ = {isa = PBXFileReference; lastKnownFileType = file.xib; path = MainWindow.xib; sourceTree = "<group>"; };
		28FD14FC0DC6FC130079059D /* EAGLView.h */ = {isa = PBXFileReference; fileEncoding = 4; lastKnownFileType = sourcecode.c.h; path = EAGLView.h; sourceTree = "<group>"; };
		28FD14FD0DC6FC130079059D /* EAGLView.m */ = {isa = PBXFileReference; fileEncoding = 4; lastKnownFileType = sourcecode.c.objc; path = EAGLView.m; sourceTree = "<group>"; };
		28FD14FF0DC6FC520079059D /* OpenGLES.framework */ = {isa = PBXFileReference; lastKnownFileType = wrapper.framework; name = OpenGLES.framework; path = System/Library/Frameworks/OpenGLES.framework; sourceTree = SDKROOT; };
		28FD15070DC6FC5B0079059D /* QuartzCore.framework */ = {isa = PBXFileReference; lastKnownFileType = wrapper.framework; name = QuartzCore.framework; path = System/Library/Frameworks/QuartzCore.framework; sourceTree = SDKROOT; };
		29B97316FDCFA39411CA2CEA /* main.m */ = {isa = PBXFileReference; fileEncoding = 4; lastKnownFileType = sourcecode.c.objc; path = main.m; sourceTree = "<group>"; };
		32CA4F630368D1EE00C91783 /* glv_Prefix.pch */ = {isa = PBXFileReference; fileEncoding = 4; lastKnownFileType = sourcecode.c.h; path = glv_Prefix.pch; sourceTree = "<group>"; };
		3621275A1173A41C009CB6FC /* glv.h */ = {isa = PBXFileReference; fileEncoding = 4; lastKnownFileType = sourcecode.c.h; path = glv.h; sourceTree = "<group>"; };
		3621275B1173A41C009CB6FC /* glv_behavior.h */ = {isa = PBXFileReference; fileEncoding = 4; lastKnownFileType = sourcecode.c.h; path = glv_behavior.h; sourceTree = "<group>"; };
		3621275C1173A41C009CB6FC /* glv_binding.h */ = {isa = PBXFileReference; fileEncoding = 4; lastKnownFileType = sourcecode.c.h; path = glv_binding.h; sourceTree = "<group>"; };
		3621275D1173A41C009CB6FC /* glv_buttons.h */ = {isa = PBXFileReference; fileEncoding = 4; lastKnownFileType = sourcecode.c.h; path = glv_buttons.h; sourceTree = "<group>"; };
		3621275E1173A41C009CB6FC /* glv_color.h */ = {isa = PBXFileReference; fileEncoding = 4; lastKnownFileType = sourcecode.c.h; path = glv_color.h; sourceTree = "<group>"; };
		3621275F1173A41C009CB6FC /* glv_color_controls.h */ = {isa = PBXFileReference; fileEncoding = 4; lastKnownFileType = sourcecode.c.h; path = glv_color_controls.h; sourceTree = "<group>"; };
		362127601173A41C009CB6FC /* glv_conf.h */ = {isa = PBXFileReference; fileEncoding = 4; lastKnownFileType = sourcecode.c.h; path = glv_conf.h; sourceTree = "<group>"; };
		362127611173A41C009CB6FC /* glv_core.h */ = {isa = PBXFileReference; fileEncoding = 4; lastKnownFileType = sourcecode.c.h; path = glv_core.h; sourceTree = "<group>"; };
		362127621173A41C009CB6FC /* glv_draw.h */ = {isa = PBXFileReference; fileEncoding = 4; lastKnownFileType = sourcecode.c.h; path = glv_draw.h; sourceTree = "<group>"; };
		362127631173A41C009CB6FC /* glv_layout.h */ = {isa = PBXFileReference; fileEncoding = 4; lastKnownFileType = sourcecode.c.h; path = glv_layout.h; sourceTree = "<group>"; };
		362127641173A41C009CB6FC /* glv_observer_pattern.h */ = {isa = PBXFileReference; fileEncoding = 4; lastKnownFileType = sourcecode.c.h; path = glv_observer_pattern.h; sourceTree = "<group>"; };
		362127651173A41C009CB6FC /* glv_plots.h */ = {isa = PBXFileReference; fileEncoding = 4; lastKnownFileType = sourcecode.c.h; path = glv_plots.h; sourceTree = "<group>"; };
		362127661173A41C009CB6FC /* glv_rect.h */ = {isa = PBXFileReference; fileEncoding = 4; lastKnownFileType = sourcecode.c.h; path = glv_rect.h; sourceTree = "<group>"; };
		362127671173A41C009CB6FC /* glv_sliders.h */ = {isa = PBXFileReference; fileEncoding = 4; lastKnownFileType = sourcecode.c.h; path = glv_sliders.h; sourceTree = "<group>"; };
		362127681173A41C009CB6FC /* glv_texture.h */ = {isa = PBXFileReference; fileEncoding = 4; lastKnownFileType = sourcecode.c.h; path = glv_texture.h; sourceTree = "<group>"; };
		362127691173A41C009CB6FC /* glv_textview.h */ = {isa = PBXFileReference; fileEncoding = 4; lastKnownFileType = sourcecode.c.h; path = glv_textview.h; sourceTree = "<group>"; };
		3621276A1173A41C009CB6FC /* glv_util.h */ = {isa = PBXFileReference; fileEncoding = 4; lastKnownFileType = sourcecode.c.h; path = glv_util.h; sourceTree = "<group>"; };
		3621276B1173A41C009CB6FC /* glv_view3D.h */ = {isa = PBXFileReference; fileEncoding = 4; lastKnownFileType = sourcecode.c.h; path = glv_view3D.h; sourceTree = "<group>"; };
		3621276C1173A41C009CB6FC /* glv_widget.h */ = {isa = PBXFileReference; fileEncoding = 4; lastKnownFileType = sourcecode.c.h; path = glv_widget.h; sourceTree = "<group>"; };
		3621276E1173A41C009CB6FC /* glv_binding.cpp */ = {isa = PBXFileReference; fileEncoding = 4; lastKnownFileType = sourcecode.cpp.cpp; path = glv_binding.cpp; sourceTree = "<group>"; };
		3621276F1173A41C009CB6FC /* glv_binding_glut.cpp */ = {isa = PBXFileReference; fileEncoding = 4; lastKnownFileType = sourcecode.cpp.cpp; path = glv_binding_glut.cpp; sourceTree = "<group>"; };
		362127701173A41C009CB6FC /* glv_buttons.cpp */ = {isa = PBXFileReference; fileEncoding = 4; lastKnownFileType = sourcecode.cpp.cpp; path = glv_buttons.cpp; sourceTree = "<group>"; };
		362127711173A41C009CB6FC /* glv_color.cpp */ = {isa = PBXFileReference; fileEncoding = 4; lastKnownFileType = sourcecode.cpp.cpp; path = glv_color.cpp; sourceTree = "<group>"; };
		362127721173A41C009CB6FC /* glv_core.cpp */ = {isa = PBXFileReference; fileEncoding = 4; lastKnownFileType = sourcecode.cpp.cpp; path = glv_core.cpp; sourceTree = "<group>"; };
		362127731173A41C009CB6FC /* glv_draw.cpp */ = {isa = PBXFileReference; fileEncoding = 4; lastKnownFileType = sourcecode.cpp.cpp; path = glv_draw.cpp; sourceTree = "<group>"; };
		362127741173A41C009CB6FC /* glv_glv.cpp */ = {isa = PBXFileReference; fileEncoding = 4; lastKnownFileType = sourcecode.cpp.cpp; path = glv_glv.cpp; sourceTree = "<group>"; };
		362127751173A41C009CB6FC /* glv_inputdevice.cpp */ = {isa = PBXFileReference; fileEncoding = 4; lastKnownFileType = sourcecode.cpp.cpp; path = glv_inputdevice.cpp; sourceTree = "<group>"; };
		362127761173A41C009CB6FC /* glv_layout.cpp */ = {isa = PBXFileReference; fileEncoding = 4; lastKnownFileType = sourcecode.cpp.cpp; path = glv_layout.cpp; sourceTree = "<group>"; };
		362127771173A41C009CB6FC /* glv_plots.cpp */ = {isa = PBXFileReference; fileEncoding = 4; lastKnownFileType = sourcecode.cpp.cpp; path = glv_plots.cpp; sourceTree = "<group>"; };
		362127781173A41C009CB6FC /* glv_sliders.cpp */ = {isa = PBXFileReference; fileEncoding = 4; lastKnownFileType = sourcecode.cpp.cpp; path = glv_sliders.cpp; sourceTree = "<group>"; };
		362127791173A41C009CB6FC /* glv_texture.cpp */ = {isa = PBXFileReference; fileEncoding = 4; lastKnownFileType = sourcecode.cpp.cpp; path = glv_texture.cpp; sourceTree = "<group>"; };
		3621277A1173A41C009CB6FC /* glv_textview.cpp */ = {isa = PBXFileReference; fileEncoding = 4; lastKnownFileType = sourcecode.cpp.cpp; path = glv_textview.cpp; sourceTree = "<group>"; };
		3621277B1173A41C009CB6FC /* glv_view.cpp */ = {isa = PBXFileReference; fileEncoding = 4; lastKnownFileType = sourcecode.cpp.cpp; path = glv_view.cpp; sourceTree = "<group>"; };
		3621277C1173A41C009CB6FC /* glv_view3D.cpp */ = {isa = PBXFileReference; fileEncoding = 4; lastKnownFileType = sourcecode.cpp.cpp; path = glv_view3D.cpp; sourceTree = "<group>"; };
		3621277E1173A41C009CB6FC /* Makefile */ = {isa = PBXFileReference; fileEncoding = 4; lastKnownFileType = sourcecode.make; path = Makefile; sourceTree = "<group>"; };
		3621277F1173A41C009CB6FC /* test_examples.cpp */ = {isa = PBXFileReference; fileEncoding = 4; lastKnownFileType = sourcecode.cpp.cpp; path = test_examples.cpp; sourceTree = "<group>"; };
		362127801173A41C009CB6FC /* test_glv.cpp */ = {isa = PBXFileReference; fileEncoding = 4; lastKnownFileType = sourcecode.cpp.cpp; path = test_glv.cpp; sourceTree = "<group>"; };
		362127811173A41C009CB6FC /* test_glv.h */ = {isa = PBXFileReference; fileEncoding = 4; lastKnownFileType = sourcecode.c.h; path = test_glv.h; sourceTree = "<group>"; };
		362127821173A41C009CB6FC /* test_icon.cpp */ = {isa = PBXFileReference; fileEncoding = 4; lastKnownFileType = sourcecode.cpp.cpp; path = test_icon.cpp; sourceTree = "<group>"; };
		362127831173A41C009CB6FC /* test_multi_window.cpp */ = {isa = PBXFileReference; fileEncoding = 4; lastKnownFileType = sourcecode.cpp.cpp; path = test_multi_window.cpp; sourceTree = "<group>"; };
		362127841173A41C009CB6FC /* test_notifications.cpp */ = {isa = PBXFileReference; fileEncoding = 4; lastKnownFileType = sourcecode.cpp.cpp; path = test_notifications.cpp; sourceTree = "<group>"; };
		362127851173A41C009CB6FC /* test_units.cpp */ = {isa = PBXFileReference; fileEncoding = 4; lastKnownFileType = sourcecode.cpp.cpp; path = test_units.cpp; sourceTree = "<group>"; };
		362127861173A41C009CB6FC /* test_widgets.cpp */ = {isa = PBXFileReference; fileEncoding = 4; lastKnownFileType = sourcecode.cpp.cpp; path = test_widgets.cpp; sourceTree = "<group>"; };
		362127871173A41C009CB6FC /* test_window.cpp */ = {isa = PBXFileReference; fileEncoding = 4; lastKnownFileType = sourcecode.cpp.cpp; path = test_window.cpp; sourceTree = "<group>"; };
		8D1107310486CEB800E47090 /* glv-Info.plist */ = {isa = PBXFileReference; fileEncoding = 4; lastKnownFileType = text.plist.xml; path = "glv-Info.plist"; plistStructureDefinitionIdentifier = "com.apple.xcode.plist.structure-definition.iphone.info-plist"; sourceTree = "<group>"; };
/* End PBXFileReference section */

/* Begin PBXFrameworksBuildPhase section */
		1D60588F0D05DD3D006BFB54 /* Frameworks */ = {
			isa = PBXFrameworksBuildPhase;
			buildActionMask = 2147483647;
			files = (
				1D60589F0D05DD5A006BFB54 /* Foundation.framework in Frameworks */,
				1DF5F4E00D08C38300B7A737 /* UIKit.framework in Frameworks */,
				28FD15000DC6FC520079059D /* OpenGLES.framework in Frameworks */,
				28FD15080DC6FC5B0079059D /* QuartzCore.framework in Frameworks */,
			);
			runOnlyForDeploymentPostprocessing = 0;
		};
/* End PBXFrameworksBuildPhase section */

/* Begin PBXGroup section */
		080E96DDFE201D6D7F000001 /* Classes */ = {
			isa = PBXGroup;
			children = (
				2514C26D10084DB100A42282 /* ES1Renderer.h */,
				2514C26E10084DB100A42282 /* ES1Renderer.m */,
				2514C26F10084DB100A42282 /* ES2Renderer.h */,
				2514C27010084DB100A42282 /* ES2Renderer.m */,
				2514C27110084DB100A42282 /* ESRenderer.h */,
				28FD14FC0DC6FC130079059D /* EAGLView.h */,
				28FD14FD0DC6FC130079059D /* EAGLView.m */,
				1D3623240D0F684500981E51 /* glvAppDelegate.h */,
				1D3623250D0F684500981E51 /* glvAppDelegate.m */,
			);
			path = Classes;
			sourceTree = "<group>";
		};
		19C28FACFE9D520D11CA2CBB /* Products */ = {
			isa = PBXGroup;
			children = (
				1D6058910D05DD3D006BFB54 /* glv.app */,
			);
			name = Products;
			sourceTree = "<group>";
		};
		2514C27610084DB600A42282 /* Shaders */ = {
			isa = PBXGroup;
			children = (
				2514C27910084DCA00A42282 /* Shader.fsh */,
				2514C27A10084DCA00A42282 /* Shader.vsh */,
			);
			name = Shaders;
			sourceTree = "<group>";
		};
		29B97314FDCFA39411CA2CEA /* CustomTemplate */ = {
			isa = PBXGroup;
			children = (
				362127591173A41C009CB6FC /* include */,
				3621276D1173A41C009CB6FC /* src */,
				3621277D1173A41C009CB6FC /* test */,
				080E96DDFE201D6D7F000001 /* Classes */,
				2514C27610084DB600A42282 /* Shaders */,
				29B97315FDCFA39411CA2CEA /* Other Sources */,
				29B97317FDCFA39411CA2CEA /* Resources */,
				29B97323FDCFA39411CA2CEA /* Frameworks */,
				19C28FACFE9D520D11CA2CBB /* Products */,
			);
			name = CustomTemplate;
			sourceTree = "<group>";
		};
		29B97315FDCFA39411CA2CEA /* Other Sources */ = {
			isa = PBXGroup;
			children = (
				32CA4F630368D1EE00C91783 /* glv_Prefix.pch */,
				29B97316FDCFA39411CA2CEA /* main.m */,
			);
			name = "Other Sources";
			sourceTree = "<group>";
		};
		29B97317FDCFA39411CA2CEA /* Resources */ = {
			isa = PBXGroup;
			children = (
				28AD733E0D9D9553002E5188 /* MainWindow.xib */,
				8D1107310486CEB800E47090 /* glv-Info.plist */,
			);
			name = Resources;
			sourceTree = "<group>";
		};
		29B97323FDCFA39411CA2CEA /* Frameworks */ = {
			isa = PBXGroup;
			children = (
				28FD15070DC6FC5B0079059D /* QuartzCore.framework */,
				28FD14FF0DC6FC520079059D /* OpenGLES.framework */,
				1DF5F4DF0D08C38300B7A737 /* UIKit.framework */,
				1D30AB110D05D00D00671497 /* Foundation.framework */,
			);
			name = Frameworks;
			sourceTree = "<group>";
		};
		362127591173A41C009CB6FC /* include */ = {
			isa = PBXGroup;
			children = (
				3621275A1173A41C009CB6FC /* glv.h */,
				3621275B1173A41C009CB6FC /* glv_behavior.h */,
				3621275C1173A41C009CB6FC /* glv_binding.h */,
				3621275D1173A41C009CB6FC /* glv_buttons.h */,
				3621275E1173A41C009CB6FC /* glv_color.h */,
				3621275F1173A41C009CB6FC /* glv_color_controls.h */,
				362127601173A41C009CB6FC /* glv_conf.h */,
				362127611173A41C009CB6FC /* glv_core.h */,
				362127621173A41C009CB6FC /* glv_draw.h */,
				362127631173A41C009CB6FC /* glv_layout.h */,
				362127641173A41C009CB6FC /* glv_observer_pattern.h */,
				362127651173A41C009CB6FC /* glv_plots.h */,
				362127661173A41C009CB6FC /* glv_rect.h */,
				362127671173A41C009CB6FC /* glv_sliders.h */,
				362127681173A41C009CB6FC /* glv_texture.h */,
				362127691173A41C009CB6FC /* glv_textview.h */,
				3621276A1173A41C009CB6FC /* glv_util.h */,
				3621276B1173A41C009CB6FC /* glv_view3D.h */,
				3621276C1173A41C009CB6FC /* glv_widget.h */,
			);
			path = include;
			sourceTree = "<group>";
		};
		3621276D1173A41C009CB6FC /* src */ = {
			isa = PBXGroup;
			children = (
				3621276E1173A41C009CB6FC /* glv_binding.cpp */,
				3621276F1173A41C009CB6FC /* glv_binding_glut.cpp */,
				362127701173A41C009CB6FC /* glv_buttons.cpp */,
				362127711173A41C009CB6FC /* glv_color.cpp */,
				362127721173A41C009CB6FC /* glv_core.cpp */,
				362127731173A41C009CB6FC /* glv_draw.cpp */,
				362127741173A41C009CB6FC /* glv_glv.cpp */,
				362127751173A41C009CB6FC /* glv_inputdevice.cpp */,
				362127761173A41C009CB6FC /* glv_layout.cpp */,
				362127771173A41C009CB6FC /* glv_plots.cpp */,
				362127781173A41C009CB6FC /* glv_sliders.cpp */,
				362127791173A41C009CB6FC /* glv_texture.cpp */,
				3621277A1173A41C009CB6FC /* glv_textview.cpp */,
				3621277B1173A41C009CB6FC /* glv_view.cpp */,
				3621277C1173A41C009CB6FC /* glv_view3D.cpp */,
			);
			path = src;
			sourceTree = "<group>";
		};
		3621277D1173A41C009CB6FC /* test */ = {
			isa = PBXGroup;
			children = (
				3621277E1173A41C009CB6FC /* Makefile */,
				3621277F1173A41C009CB6FC /* test_examples.cpp */,
				362127801173A41C009CB6FC /* test_glv.cpp */,
				362127811173A41C009CB6FC /* test_glv.h */,
				362127821173A41C009CB6FC /* test_icon.cpp */,
				362127831173A41C009CB6FC /* test_multi_window.cpp */,
				362127841173A41C009CB6FC /* test_notifications.cpp */,
				362127851173A41C009CB6FC /* test_units.cpp */,
				362127861173A41C009CB6FC /* test_widgets.cpp */,
				362127871173A41C009CB6FC /* test_window.cpp */,
			);
			path = test;
			sourceTree = "<group>";
		};
/* End PBXGroup section */

/* Begin PBXNativeTarget section */
		1D6058900D05DD3D006BFB54 /* glv */ = {
			isa = PBXNativeTarget;
			buildConfigurationList = 1D6058960D05DD3E006BFB54 /* Build configuration list for PBXNativeTarget "glv" */;
			buildPhases = (
				1D60588D0D05DD3D006BFB54 /* Resources */,
				1D60588E0D05DD3D006BFB54 /* Sources */,
				1D60588F0D05DD3D006BFB54 /* Frameworks */,
			);
			buildRules = (
			);
			dependencies = (
			);
			name = glv;
			productName = glv;
			productReference = 1D6058910D05DD3D006BFB54 /* glv.app */;
			productType = "com.apple.product-type.application";
		};
/* End PBXNativeTarget section */

/* Begin PBXProject section */
		29B97313FDCFA39411CA2CEA /* Project object */ = {
			isa = PBXProject;
			buildConfigurationList = C01FCF4E08A954540054247B /* Build configuration list for PBXProject "glv" */;
			compatibilityVersion = "Xcode 3.1";
			hasScannedForEncodings = 1;
			mainGroup = 29B97314FDCFA39411CA2CEA /* CustomTemplate */;
			projectDirPath = "";
			projectRoot = "";
			targets = (
				1D6058900D05DD3D006BFB54 /* glv */,
			);
		};
/* End PBXProject section */

/* Begin PBXResourcesBuildPhase section */
		1D60588D0D05DD3D006BFB54 /* Resources */ = {
			isa = PBXResourcesBuildPhase;
			buildActionMask = 2147483647;
			files = (
				2514C27B10084DCA00A42282 /* Shader.fsh in Resources */,
				2514C27C10084DCA00A42282 /* Shader.vsh in Resources */,
				28AD733F0D9D9553002E5188 /* MainWindow.xib in Resources */,
			);
			runOnlyForDeploymentPostprocessing = 0;
		};
/* End PBXResourcesBuildPhase section */

/* Begin PBXSourcesBuildPhase section */
		1D60588E0D05DD3D006BFB54 /* Sources */ = {
			isa = PBXSourcesBuildPhase;
			buildActionMask = 2147483647;
			files = (
				362127971173A434009CB6FC /* test_glv.cpp in Sources */,
				362127881173A42B009CB6FC /* glv_binding.cpp in Sources */,
				362127891173A42B009CB6FC /* glv_binding_glut.cpp in Sources */,
				3621278A1173A42B009CB6FC /* glv_buttons.cpp in Sources */,
				3621278B1173A42B009CB6FC /* glv_color.cpp in Sources */,
				3621278C1173A42B009CB6FC /* glv_core.cpp in Sources */,
				3621278D1173A42B009CB6FC /* glv_draw.cpp in Sources */,
				3621278E1173A42B009CB6FC /* glv_glv.cpp in Sources */,
				3621278F1173A42B009CB6FC /* glv_inputdevice.cpp in Sources */,
				362127901173A42B009CB6FC /* glv_layout.cpp in Sources */,
				362127911173A42B009CB6FC /* glv_plots.cpp in Sources */,
				362127921173A42B009CB6FC /* glv_sliders.cpp in Sources */,
				362127931173A42B009CB6FC /* glv_texture.cpp in Sources */,
				362127941173A42B009CB6FC /* glv_textview.cpp in Sources */,
				362127951173A42B009CB6FC /* glv_view.cpp in Sources */,
				362127961173A42B009CB6FC /* glv_view3D.cpp in Sources */,
				1D60589B0D05DD56006BFB54 /* main.m in Sources */,
				1D3623260D0F684500981E51 /* glvAppDelegate.m in Sources */,
				28FD14FE0DC6FC130079059D /* EAGLView.m in Sources */,
				2514C27210084DB100A42282 /* ES1Renderer.m in Sources */,
				2514C27310084DB100A42282 /* ES2Renderer.m in Sources */,
			);
			runOnlyForDeploymentPostprocessing = 0;
		};
/* End PBXSourcesBuildPhase section */

/* Begin XCBuildConfiguration section */
		1D6058940D05DD3E006BFB54 /* Debug */ = {
			isa = XCBuildConfiguration;
			buildSettings = {
				ALWAYS_SEARCH_USER_PATHS = NO;
				COPY_PHASE_STRIP = NO;
				GCC_DYNAMIC_NO_PIC = NO;
				GCC_OPTIMIZATION_LEVEL = 0;
				GCC_PRECOMPILE_PREFIX_HEADER = YES;
				GCC_PREFIX_HEADER = glv_Prefix.pch;
				"GCC_THUMB_SUPPORT[arch=armv6]" = "";
				INFOPLIST_FILE = "glv-Info.plist";
				PRODUCT_NAME = glv;
			};
			name = Debug;
		};
		1D6058950D05DD3E006BFB54 /* Release */ = {
			isa = XCBuildConfiguration;
			buildSettings = {
				ALWAYS_SEARCH_USER_PATHS = NO;
				COPY_PHASE_STRIP = YES;
				GCC_PRECOMPILE_PREFIX_HEADER = YES;
				GCC_PREFIX_HEADER = glv_Prefix.pch;
				"GCC_THUMB_SUPPORT[arch=armv6]" = "";
				INFOPLIST_FILE = "glv-Info.plist";
				PRODUCT_NAME = glv;
				VALIDATE_PRODUCT = YES;
			};
			name = Release;
		};
		C01FCF4F08A954540054247B /* Debug */ = {
			isa = XCBuildConfiguration;
			buildSettings = {
				ARCHS = "$(ARCHS_STANDARD_32_BIT)";
				"CODE_SIGN_IDENTITY[sdk=iphoneos*]" = "iPhone Developer";
				GCC_C_LANGUAGE_STANDARD = c99;
				GCC_PREPROCESSOR_DEFINITIONS = DEBUG;
				GCC_WARN_ABOUT_RETURN_TYPE = YES;
				GCC_WARN_UNUSED_VARIABLE = YES;
				PREBINDING = NO;
				SDKROOT = iphoneos3.1.3;
			};
			name = Debug;
		};
		C01FCF5008A954540054247B /* Release */ = {
			isa = XCBuildConfiguration;
			buildSettings = {
				ARCHS = "$(ARCHS_STANDARD_32_BIT)";
				"CODE_SIGN_IDENTITY[sdk=iphoneos*]" = "iPhone Developer";
				GCC_C_LANGUAGE_STANDARD = c99;
				GCC_WARN_ABOUT_RETURN_TYPE = YES;
				GCC_WARN_UNUSED_VARIABLE = YES;
				OTHER_CFLAGS = "-DNS_BLOCK_ASSERTIONS=1";
				PREBINDING = NO;
				SDKROOT = iphoneos3.1.3;
			};
			name = Release;
		};
/* End XCBuildConfiguration section */

/* Begin XCConfigurationList section */
		1D6058960D05DD3E006BFB54 /* Build configuration list for PBXNativeTarget "glv" */ = {
			isa = XCConfigurationList;
			buildConfigurations = (
				1D6058940D05DD3E006BFB54 /* Debug */,
				1D6058950D05DD3E006BFB54 /* Release */,
			);
			defaultConfigurationIsVisible = 0;
			defaultConfigurationName = Release;
		};
		C01FCF4E08A954540054247B /* Build configuration list for PBXProject "glv" */ = {
			isa = XCConfigurationList;
			buildConfigurations = (
				C01FCF4F08A954540054247B /* Debug */,
				C01FCF5008A954540054247B /* Release */,
			);
			defaultConfigurationIsVisible = 0;
			defaultConfigurationName = Release;
		};
/* End XCConfigurationList section */
	};
	rootObject = 29B97313FDCFA39411CA2CEA /* Project object */;
}
