// !$*UTF8*$!
{
	archiveVersion = 1;
	classes = {
	};
	objectVersion = 42;
	objects = {

/* Begin PBXBuildFile section */
		3657E5D40B7AC4D5005858EE /* Carbon.framework in Frameworks */ = {isa = PBXBuildFile; fileRef = 3657E5D20B7AC4D5005858EE /* Carbon.framework */; };
		3657E5D50B7AC4D5005858EE /* OpenGL.framework in Frameworks */ = {isa = PBXBuildFile; fileRef = 3657E5D30B7AC4D5005858EE /* OpenGL.framework */; };
		3657E6D10B7ACD06005858EE /* main.nib in Resources */ = {isa = PBXBuildFile; fileRef = 3657E6CF0B7ACD06005858EE /* main.nib */; };
		3657E6D20B7ACD06005858EE /* main~.nib in Resources */ = {isa = PBXBuildFile; fileRef = 3657E6D00B7ACD06005858EE /* main~.nib */; };
		3657EA1C0B7B1995005858EE /* AGL.framework in Frameworks */ = {isa = PBXBuildFile; fileRef = 3657EA1B0B7B1995005858EE /* AGL.framework */; };
		B917A4FF0BA1D3E100E819AF /* Lua_Udata_Rect.cpp in Sources */ = {isa = PBXBuildFile; fileRef = B917A4FE0BA1D3E100E819AF /* Lua_Udata_Rect.cpp */; };
		B917A7CD0BA243A400E819AF /* todo in Resources */ = {isa = PBXBuildFile; fileRef = B917A7CC0BA243A400E819AF /* todo */; };
		B917A7D10BA243B700E819AF /* glv_binding_carbon.cpp in Sources */ = {isa = PBXBuildFile; fileRef = B917A7CF0BA243B700E819AF /* glv_binding_carbon.cpp */; };
		B917A7F60BA243EF00E819AF /* FontGL.cpp in Sources */ = {isa = PBXBuildFile; fileRef = B917A7E70BA243EF00E819AF /* FontGL.cpp */; };
		B917A7F70BA243EF00E819AF /* glv_abstract_binding.cpp in Sources */ = {isa = PBXBuildFile; fileRef = B917A7E90BA243EF00E819AF /* glv_abstract_binding.cpp */; };
		B917A7F80BA243EF00E819AF /* glv_color.cpp in Sources */ = {isa = PBXBuildFile; fileRef = B917A7EA0BA243EF00E819AF /* glv_color.cpp */; };
		B917A7F90BA243EF00E819AF /* glv_glv.cpp in Sources */ = {isa = PBXBuildFile; fileRef = B917A7EB0BA243EF00E819AF /* glv_glv.cpp */; };
		B917A7FA0BA243EF00E819AF /* glv_inputdevice.cpp in Sources */ = {isa = PBXBuildFile; fileRef = B917A7EC0BA243EF00E819AF /* glv_inputdevice.cpp */; };
		B917A7FB0BA243EF00E819AF /* glv_memory.cpp in Sources */ = {isa = PBXBuildFile; fileRef = B917A7ED0BA243EF00E819AF /* glv_memory.cpp */; };
		B917A7FC0BA243EF00E819AF /* glv_sliders.cpp in Sources */ = {isa = PBXBuildFile; fileRef = B917A7EE0BA243EF00E819AF /* glv_sliders.cpp */; };
		B917A7FD0BA243EF00E819AF /* glv_util.cpp in Sources */ = {isa = PBXBuildFile; fileRef = B917A7EF0BA243EF00E819AF /* glv_util.cpp */; };
		B917A7FE0BA243EF00E819AF /* glv_view.cpp in Sources */ = {isa = PBXBuildFile; fileRef = B917A7F00BA243EF00E819AF /* glv_view.cpp */; };
		B917A8450BA2598B00E819AF /* LuaFontGL.cpp in Sources */ = {isa = PBXBuildFile; fileRef = B917A8430BA2598B00E819AF /* LuaFontGL.cpp */; };
		B917A8770BA25BBD00E819AF /* test_luaglv.lua in Resources */ = {isa = PBXBuildFile; fileRef = B917A8710BA25BA800E819AF /* test_luaglv.lua */; };
		B917A8780BA25BC100E819AF /* ProFontWindows.ttf in Resources */ = {isa = PBXBuildFile; fileRef = B917A86F0BA25B9B00E819AF /* ProFontWindows.ttf */; };
		B917A8A40BA263E500E819AF /* Lua_Udata_Slider.cpp in Sources */ = {isa = PBXBuildFile; fileRef = B91844950BA1540B00D8DA81 /* Lua_Udata_Slider.cpp */; };
		B917AE1C0BA33F2900E819AF /* Lua.framework in Frameworks */ = {isa = PBXBuildFile; fileRef = B917AE1B0BA33F2900E819AF /* Lua.framework */; };
		B917AE240BA33F5B00E819AF /* Lua_Udata_View.cpp in Sources */ = {isa = PBXBuildFile; fileRef = B91844970BA1540B00D8DA81 /* Lua_Udata_View.cpp */; };
		B917AE250BA33F5C00E819AF /* Lua_Udata_Slider.cpp in Sources */ = {isa = PBXBuildFile; fileRef = B91844950BA1540B00D8DA81 /* Lua_Udata_Slider.cpp */; };
		B917AE260BA33F5D00E819AF /* Lua_Udata_Rect.cpp in Sources */ = {isa = PBXBuildFile; fileRef = B917A4FE0BA1D3E100E819AF /* Lua_Udata_Rect.cpp */; };
		B917AE280BA33F5F00E819AF /* Lua_Udata_Notify.cpp in Sources */ = {isa = PBXBuildFile; fileRef = B91844A40BA1548700D8DA81 /* Lua_Udata_Notify.cpp */; };
		B917AE290BA33F5F00E819AF /* Lua_Udata_GLV.cpp in Sources */ = {isa = PBXBuildFile; fileRef = B918448F0BA1540B00D8DA81 /* Lua_Udata_GLV.cpp */; };
		B917AE2A0BA33F6000E819AF /* Lua_GLVData.cpp in Sources */ = {isa = PBXBuildFile; fileRef = B918450F0BA156E500D8DA81 /* Lua_GLVData.cpp */; };
		B917AE2B0BA33F6000E819AF /* glv_lua.cpp in Sources */ = {isa = PBXBuildFile; fileRef = B918448C0BA1540B00D8DA81 /* glv_lua.cpp */; };
		B917AE2D0BA33F6C00E819AF /* glv_abstract_binding.cpp in Sources */ = {isa = PBXBuildFile; fileRef = B917A7E90BA243EF00E819AF /* glv_abstract_binding.cpp */; };
		B917AE2E0BA33F6C00E819AF /* glv_color.cpp in Sources */ = {isa = PBXBuildFile; fileRef = B917A7EA0BA243EF00E819AF /* glv_color.cpp */; };
		B917AE2F0BA33F6D00E819AF /* glv_glv.cpp in Sources */ = {isa = PBXBuildFile; fileRef = B917A7EB0BA243EF00E819AF /* glv_glv.cpp */; };
		B917AE300BA33F6E00E819AF /* glv_inputdevice.cpp in Sources */ = {isa = PBXBuildFile; fileRef = B917A7EC0BA243EF00E819AF /* glv_inputdevice.cpp */; };
		B917AE310BA33F6E00E819AF /* glv_memory.cpp in Sources */ = {isa = PBXBuildFile; fileRef = B917A7ED0BA243EF00E819AF /* glv_memory.cpp */; };
		B917AE320BA33F6F00E819AF /* glv_sliders.cpp in Sources */ = {isa = PBXBuildFile; fileRef = B917A7EE0BA243EF00E819AF /* glv_sliders.cpp */; };
		B917AE330BA33F6F00E819AF /* glv_util.cpp in Sources */ = {isa = PBXBuildFile; fileRef = B917A7EF0BA243EF00E819AF /* glv_util.cpp */; };
		B917AE340BA33F7000E819AF /* glv_view.cpp in Sources */ = {isa = PBXBuildFile; fileRef = B917A7F00BA243EF00E819AF /* glv_view.cpp */; };
		B917AEDE0BA3403D00E819AF /* AGL.framework in Frameworks */ = {isa = PBXBuildFile; fileRef = 3657EA1B0B7B1995005858EE /* AGL.framework */; };
		B917AEDF0BA3404200E819AF /* OpenGL.framework in Frameworks */ = {isa = PBXBuildFile; fileRef = 3657E5D30B7AC4D5005858EE /* OpenGL.framework */; };
		B91844040BA14DEF00D8DA81 /* test_luaglv.cpp in Sources */ = {isa = PBXBuildFile; fileRef = B91844020BA14DEF00D8DA81 /* test_luaglv.cpp */; };
		B918442D0BA14F7400D8DA81 /* libfreetype.a in Frameworks */ = {isa = PBXBuildFile; fileRef = B918442C0BA14F7400D8DA81 /* libfreetype.a */; };
		B91844680BA1512F00D8DA81 /* lapi.c in Sources */ = {isa = PBXBuildFile; fileRef = B91844330BA1512F00D8DA81 /* lapi.c */; };
		B91844690BA1512F00D8DA81 /* lauxlib.c in Sources */ = {isa = PBXBuildFile; fileRef = B91844350BA1512F00D8DA81 /* lauxlib.c */; };
		B918446A0BA1512F00D8DA81 /* lbaselib.c in Sources */ = {isa = PBXBuildFile; fileRef = B91844370BA1512F00D8DA81 /* lbaselib.c */; };
		B918446B0BA1512F00D8DA81 /* lcode.c in Sources */ = {isa = PBXBuildFile; fileRef = B91844380BA1512F00D8DA81 /* lcode.c */; };
		B918446C0BA1512F00D8DA81 /* ldblib.c in Sources */ = {isa = PBXBuildFile; fileRef = B918443A0BA1512F00D8DA81 /* ldblib.c */; };
		B918446D0BA1512F00D8DA81 /* ldebug.c in Sources */ = {isa = PBXBuildFile; fileRef = B918443B0BA1512F00D8DA81 /* ldebug.c */; };
		B918446E0BA1512F00D8DA81 /* ldo.c in Sources */ = {isa = PBXBuildFile; fileRef = B918443D0BA1512F00D8DA81 /* ldo.c */; };
		B918446F0BA1512F00D8DA81 /* ldump.c in Sources */ = {isa = PBXBuildFile; fileRef = B918443F0BA1512F00D8DA81 /* ldump.c */; };
		B91844700BA1512F00D8DA81 /* lfunc.c in Sources */ = {isa = PBXBuildFile; fileRef = B91844400BA1512F00D8DA81 /* lfunc.c */; };
		B91844710BA1512F00D8DA81 /* lgc.c in Sources */ = {isa = PBXBuildFile; fileRef = B91844420BA1512F00D8DA81 /* lgc.c */; };
		B91844720BA1512F00D8DA81 /* linit.c in Sources */ = {isa = PBXBuildFile; fileRef = B91844440BA1512F00D8DA81 /* linit.c */; };
		B91844730BA1512F00D8DA81 /* liolib.c in Sources */ = {isa = PBXBuildFile; fileRef = B91844450BA1512F00D8DA81 /* liolib.c */; };
		B91844740BA1512F00D8DA81 /* llex.c in Sources */ = {isa = PBXBuildFile; fileRef = B91844460BA1512F00D8DA81 /* llex.c */; };
		B91844750BA1512F00D8DA81 /* lmathlib.c in Sources */ = {isa = PBXBuildFile; fileRef = B91844490BA1512F00D8DA81 /* lmathlib.c */; };
		B91844760BA1512F00D8DA81 /* lmem.c in Sources */ = {isa = PBXBuildFile; fileRef = B918444A0BA1512F00D8DA81 /* lmem.c */; };
		B91844770BA1512F00D8DA81 /* loadlib.c in Sources */ = {isa = PBXBuildFile; fileRef = B918444C0BA1512F00D8DA81 /* loadlib.c */; };
		B91844780BA1512F00D8DA81 /* lobject.c in Sources */ = {isa = PBXBuildFile; fileRef = B918444D0BA1512F00D8DA81 /* lobject.c */; };
		B91844790BA1512F00D8DA81 /* lopcodes.c in Sources */ = {isa = PBXBuildFile; fileRef = B918444F0BA1512F00D8DA81 /* lopcodes.c */; };
		B918447A0BA1512F00D8DA81 /* loslib.c in Sources */ = {isa = PBXBuildFile; fileRef = B91844510BA1512F00D8DA81 /* loslib.c */; };
		B918447B0BA1512F00D8DA81 /* lparser.c in Sources */ = {isa = PBXBuildFile; fileRef = B91844520BA1512F00D8DA81 /* lparser.c */; };
		B918447C0BA1512F00D8DA81 /* lstate.c in Sources */ = {isa = PBXBuildFile; fileRef = B91844540BA1512F00D8DA81 /* lstate.c */; };
		B918447D0BA1512F00D8DA81 /* lstring.c in Sources */ = {isa = PBXBuildFile; fileRef = B91844560BA1512F00D8DA81 /* lstring.c */; };
		B918447E0BA1512F00D8DA81 /* lstrlib.c in Sources */ = {isa = PBXBuildFile; fileRef = B91844580BA1512F00D8DA81 /* lstrlib.c */; };
		B918447F0BA1512F00D8DA81 /* ltable.c in Sources */ = {isa = PBXBuildFile; fileRef = B91844590BA1512F00D8DA81 /* ltable.c */; };
		B91844800BA1512F00D8DA81 /* ltablib.c in Sources */ = {isa = PBXBuildFile; fileRef = B918445B0BA1512F00D8DA81 /* ltablib.c */; };
		B91844810BA1512F00D8DA81 /* ltm.c in Sources */ = {isa = PBXBuildFile; fileRef = B918445C0BA1512F00D8DA81 /* ltm.c */; };
		B91844820BA1512F00D8DA81 /* lundump.c in Sources */ = {isa = PBXBuildFile; fileRef = B91844610BA1512F00D8DA81 /* lundump.c */; };
		B91844830BA1512F00D8DA81 /* lvm.c in Sources */ = {isa = PBXBuildFile; fileRef = B91844630BA1512F00D8DA81 /* lvm.c */; };
		B91844840BA1512F00D8DA81 /* lzio.c in Sources */ = {isa = PBXBuildFile; fileRef = B91844650BA1512F00D8DA81 /* lzio.c */; };
		B91844850BA1512F00D8DA81 /* print.c in Sources */ = {isa = PBXBuildFile; fileRef = B91844670BA1512F00D8DA81 /* print.c */; };
		B918449C0BA1540B00D8DA81 /* glv_lua.cpp in Sources */ = {isa = PBXBuildFile; fileRef = B918448C0BA1540B00D8DA81 /* glv_lua.cpp */; };
		B918449D0BA1540B00D8DA81 /* Lua_Udata_GLV.cpp in Sources */ = {isa = PBXBuildFile; fileRef = B918448F0BA1540B00D8DA81 /* Lua_Udata_GLV.cpp */; };
		B91844A10BA1540B00D8DA81 /* Lua_Udata_View.cpp in Sources */ = {isa = PBXBuildFile; fileRef = B91844970BA1540B00D8DA81 /* Lua_Udata_View.cpp */; };
		B91844A60BA1549F00D8DA81 /* Lua_Udata_Notify.cpp in Sources */ = {isa = PBXBuildFile; fileRef = B91844A40BA1548700D8DA81 /* Lua_Udata_Notify.cpp */; };
		B91845100BA156E500D8DA81 /* Lua_GLVData.cpp in Sources */ = {isa = PBXBuildFile; fileRef = B918450F0BA156E500D8DA81 /* Lua_GLVData.cpp */; };
		B91846090BA15DCE00D8DA81 /* LuaGL.c in Sources */ = {isa = PBXBuildFile; fileRef = B91846070BA15DCE00D8DA81 /* LuaGL.c */; };
		B918460A0BA15DCE00D8DA81 /* LuaGlu.c in Sources */ = {isa = PBXBuildFile; fileRef = B91846080BA15DCE00D8DA81 /* LuaGlu.c */; };
/* End PBXBuildFile section */

/* Begin PBXFileReference section */
		3657E4C40B7AC005005858EE /* LuaGLVApp.app */ = {isa = PBXFileReference; explicitFileType = wrapper.application; includeInIndex = 0; path = LuaGLVApp.app; sourceTree = BUILT_PRODUCTS_DIR; };
		3657E4C70B7AC005005858EE /* LuaGLVApp-Info.plist */ = {isa = PBXFileReference; lastKnownFileType = text.xml; path = "LuaGLVApp-Info.plist"; sourceTree = "<group>"; };
		3657E5D20B7AC4D5005858EE /* Carbon.framework */ = {isa = PBXFileReference; lastKnownFileType = wrapper.framework; name = Carbon.framework; path = /System/Library/Frameworks/Carbon.framework; sourceTree = "<absolute>"; };
		3657E5D30B7AC4D5005858EE /* OpenGL.framework */ = {isa = PBXFileReference; lastKnownFileType = wrapper.framework; name = OpenGL.framework; path = /System/Library/Frameworks/OpenGL.framework; sourceTree = "<absolute>"; };
		3657E6CF0B7ACD06005858EE /* main.nib */ = {isa = PBXFileReference; lastKnownFileType = wrapper.nib; path = main.nib; sourceTree = "<group>"; };
		3657E6D00B7ACD06005858EE /* main~.nib */ = {isa = PBXFileReference; lastKnownFileType = wrapper.nib; path = "main~.nib"; sourceTree = "<group>"; };
		3657EA1B0B7B1995005858EE /* AGL.framework */ = {isa = PBXFileReference; lastKnownFileType = wrapper.framework; name = AGL.framework; path = /System/Library/Frameworks/AGL.framework; sourceTree = "<absolute>"; };
		B917A4FD0BA1D3E100E819AF /* Lua_Udata_Rect.h */ = {isa = PBXFileReference; fileEncoding = 4; lastKnownFileType = sourcecode.c.h; path = Lua_Udata_Rect.h; sourceTree = "<group>"; };
		B917A4FE0BA1D3E100E819AF /* Lua_Udata_Rect.cpp */ = {isa = PBXFileReference; fileEncoding = 4; lastKnownFileType = sourcecode.cpp.cpp; path = Lua_Udata_Rect.cpp; sourceTree = "<group>"; };
		B917A7A00BA2439B00E819AF /* glv.h */ = {isa = PBXFileReference; fileEncoding = 30; lastKnownFileType = sourcecode.c.h; path = glv.h; sourceTree = "<group>"; };
		B917A7A10BA2439B00E819AF /* glv_abstract_binding.h */ = {isa = PBXFileReference; fileEncoding = 30; lastKnownFileType = sourcecode.c.h; path = glv_abstract_binding.h; sourceTree = "<group>"; };
		B917A7A20BA2439B00E819AF /* glv_color.h */ = {isa = PBXFileReference; fileEncoding = 30; lastKnownFileType = sourcecode.c.h; path = glv_color.h; sourceTree = "<group>"; };
		B917A7A30BA2439B00E819AF /* glv_core.h */ = {isa = PBXFileReference; fileEncoding = 30; lastKnownFileType = sourcecode.c.h; path = glv_core.h; sourceTree = "<group>"; };
		B917A7A40BA2439B00E819AF /* glv_memory.h */ = {isa = PBXFileReference; fileEncoding = 30; lastKnownFileType = sourcecode.c.h; path = glv_memory.h; sourceTree = "<group>"; };
		B917A7A50BA2439B00E819AF /* glv_observer_pattern.h */ = {isa = PBXFileReference; fileEncoding = 30; lastKnownFileType = sourcecode.c.h; path = glv_observer_pattern.h; sourceTree = "<group>"; };
		B917A7A60BA2439B00E819AF /* glv_opengl.h */ = {isa = PBXFileReference; fileEncoding = 30; lastKnownFileType = sourcecode.c.h; path = glv_opengl.h; sourceTree = "<group>"; };
		B917A7A70BA2439B00E819AF /* glv_rect.h */ = {isa = PBXFileReference; fileEncoding = 30; lastKnownFileType = sourcecode.c.h; path = glv_rect.h; sourceTree = "<group>"; };
		B917A7A80BA2439B00E819AF /* glv_sliders.h */ = {isa = PBXFileReference; fileEncoding = 30; lastKnownFileType = sourcecode.c.h; path = glv_sliders.h; sourceTree = "<group>"; };
		B917A7A90BA2439C00E819AF /* glv_util.h */ = {isa = PBXFileReference; fileEncoding = 30; lastKnownFileType = sourcecode.c.h; path = glv_util.h; sourceTree = "<group>"; };
		B917A7CC0BA243A400E819AF /* todo */ = {isa = PBXFileReference; fileEncoding = 30; lastKnownFileType = text; name = todo; path = ../../doc/todo; sourceTree = SOURCE_ROOT; };
		B917A7CF0BA243B700E819AF /* glv_binding_carbon.cpp */ = {isa = PBXFileReference; fileEncoding = 30; lastKnownFileType = sourcecode.cpp.cpp; path = glv_binding_carbon.cpp; sourceTree = "<group>"; };
		B917A7D00BA243B700E819AF /* glv_binding_carbon.h */ = {isa = PBXFileReference; fileEncoding = 30; lastKnownFileType = sourcecode.c.h; path = glv_binding_carbon.h; sourceTree = "<group>"; };
		B917A7E70BA243EF00E819AF /* FontGL.cpp */ = {isa = PBXFileReference; fileEncoding = 30; lastKnownFileType = sourcecode.cpp.cpp; path = FontGL.cpp; sourceTree = "<group>"; };
		B917A7E80BA243EF00E819AF /* FontGL.h */ = {isa = PBXFileReference; fileEncoding = 30; lastKnownFileType = sourcecode.c.h; path = FontGL.h; sourceTree = "<group>"; };
		B917A7E90BA243EF00E819AF /* glv_abstract_binding.cpp */ = {isa = PBXFileReference; fileEncoding = 30; lastKnownFileType = sourcecode.cpp.cpp; path = glv_abstract_binding.cpp; sourceTree = "<group>"; };
		B917A7EA0BA243EF00E819AF /* glv_color.cpp */ = {isa = PBXFileReference; fileEncoding = 30; lastKnownFileType = sourcecode.cpp.cpp; path = glv_color.cpp; sourceTree = "<group>"; };
		B917A7EB0BA243EF00E819AF /* glv_glv.cpp */ = {isa = PBXFileReference; fileEncoding = 30; lastKnownFileType = sourcecode.cpp.cpp; path = glv_glv.cpp; sourceTree = "<group>"; };
		B917A7EC0BA243EF00E819AF /* glv_inputdevice.cpp */ = {isa = PBXFileReference; fileEncoding = 30; lastKnownFileType = sourcecode.cpp.cpp; path = glv_inputdevice.cpp; sourceTree = "<group>"; };
		B917A7ED0BA243EF00E819AF /* glv_memory.cpp */ = {isa = PBXFileReference; fileEncoding = 30; lastKnownFileType = sourcecode.cpp.cpp; path = glv_memory.cpp; sourceTree = "<group>"; };
		B917A7EE0BA243EF00E819AF /* glv_sliders.cpp */ = {isa = PBXFileReference; fileEncoding = 30; lastKnownFileType = sourcecode.cpp.cpp; path = glv_sliders.cpp; sourceTree = "<group>"; };
		B917A7EF0BA243EF00E819AF /* glv_util.cpp */ = {isa = PBXFileReference; fileEncoding = 30; lastKnownFileType = sourcecode.cpp.cpp; path = glv_util.cpp; sourceTree = "<group>"; };
		B917A7F00BA243EF00E819AF /* glv_view.cpp */ = {isa = PBXFileReference; fileEncoding = 30; lastKnownFileType = sourcecode.cpp.cpp; path = glv_view.cpp; sourceTree = "<group>"; };
		B917A8430BA2598B00E819AF /* LuaFontGL.cpp */ = {isa = PBXFileReference; fileEncoding = 30; lastKnownFileType = sourcecode.cpp.cpp; path = LuaFontGL.cpp; sourceTree = "<group>"; };
		B917A8440BA2598B00E819AF /* LuaFontGL.h */ = {isa = PBXFileReference; fileEncoding = 30; lastKnownFileType = sourcecode.c.h; path = LuaFontGL.h; sourceTree = "<group>"; };
		B917A86F0BA25B9B00E819AF /* ProFontWindows.ttf */ = {isa = PBXFileReference; lastKnownFileType = file; path = ProFontWindows.ttf; sourceTree = "<group>"; };
		B917A8710BA25BA800E819AF /* test_luaglv.lua */ = {isa = PBXFileReference; fileEncoding = 30; lastKnownFileType = text; path = test_luaglv.lua; sourceTree = "<group>"; };
		B917A8AC0BA264A800E819AF /* Lua_Udata_Slider.h */ = {isa = PBXFileReference; fileEncoding = 30; lastKnownFileType = sourcecode.c.h; path = Lua_Udata_Slider.h; sourceTree = "<group>"; };
		B917ADF60BA33E3F00E819AF /* glv.bundle */ = {isa = PBXFileReference; explicitFileType = wrapper.cfbundle; includeInIndex = 0; path = glv.bundle; sourceTree = BUILT_PRODUCTS_DIR; };
		B917ADF70BA33E3F00E819AF /* LuaGLV.plist */ = {isa = PBXFileReference; lastKnownFileType = text.xml; path = LuaGLV.plist; sourceTree = "<group>"; };
		B917AE1B0BA33F2900E819AF /* Lua.framework */ = {isa = PBXFileReference; lastKnownFileType = wrapper.framework; name = Lua.framework; path = /Library/Frameworks/Lua.framework; sourceTree = "<absolute>"; };
		B91844020BA14DEF00D8DA81 /* test_luaglv.cpp */ = {isa = PBXFileReference; fileEncoding = 30; lastKnownFileType = sourcecode.cpp.cpp; path = test_luaglv.cpp; sourceTree = "<group>"; };
		B91844030BA14DEF00D8DA81 /* test_luaglv.h */ = {isa = PBXFileReference; fileEncoding = 30; lastKnownFileType = sourcecode.c.h; path = test_luaglv.h; sourceTree = "<group>"; };
		B918442C0BA14F7400D8DA81 /* libfreetype.a */ = {isa = PBXFileReference; lastKnownFileType = archive.ar; name = libfreetype.a; path = /usr/local/lib/libfreetype.a; sourceTree = "<absolute>"; };
		B91844330BA1512F00D8DA81 /* lapi.c */ = {isa = PBXFileReference; fileEncoding = 30; lastKnownFileType = sourcecode.c.c; path = lapi.c; sourceTree = "<group>"; };
		B91844340BA1512F00D8DA81 /* lapi.h */ = {isa = PBXFileReference; fileEncoding = 30; lastKnownFileType = sourcecode.c.h; path = lapi.h; sourceTree = "<group>"; };
		B91844350BA1512F00D8DA81 /* lauxlib.c */ = {isa = PBXFileReference; fileEncoding = 30; lastKnownFileType = sourcecode.c.c; path = lauxlib.c; sourceTree = "<group>"; };
		B91844360BA1512F00D8DA81 /* lauxlib.h */ = {isa = PBXFileReference; fileEncoding = 30; lastKnownFileType = sourcecode.c.h; path = lauxlib.h; sourceTree = "<group>"; };
		B91844370BA1512F00D8DA81 /* lbaselib.c */ = {isa = PBXFileReference; fileEncoding = 30; lastKnownFileType = sourcecode.c.c; path = lbaselib.c; sourceTree = "<group>"; };
		B91844380BA1512F00D8DA81 /* lcode.c */ = {isa = PBXFileReference; fileEncoding = 30; lastKnownFileType = sourcecode.c.c; path = lcode.c; sourceTree = "<group>"; };
		B91844390BA1512F00D8DA81 /* lcode.h */ = {isa = PBXFileReference; fileEncoding = 30; lastKnownFileType = sourcecode.c.h; path = lcode.h; sourceTree = "<group>"; };
		B918443A0BA1512F00D8DA81 /* ldblib.c */ = {isa = PBXFileReference; fileEncoding = 30; lastKnownFileType = sourcecode.c.c; path = ldblib.c; sourceTree = "<group>"; };
		B918443B0BA1512F00D8DA81 /* ldebug.c */ = {isa = PBXFileReference; fileEncoding = 30; lastKnownFileType = sourcecode.c.c; path = ldebug.c; sourceTree = "<group>"; };
		B918443C0BA1512F00D8DA81 /* ldebug.h */ = {isa = PBXFileReference; fileEncoding = 30; lastKnownFileType = sourcecode.c.h; path = ldebug.h; sourceTree = "<group>"; };
		B918443D0BA1512F00D8DA81 /* ldo.c */ = {isa = PBXFileReference; fileEncoding = 30; lastKnownFileType = sourcecode.c.c; path = ldo.c; sourceTree = "<group>"; };
		B918443E0BA1512F00D8DA81 /* ldo.h */ = {isa = PBXFileReference; fileEncoding = 30; lastKnownFileType = sourcecode.c.h; path = ldo.h; sourceTree = "<group>"; };
		B918443F0BA1512F00D8DA81 /* ldump.c */ = {isa = PBXFileReference; fileEncoding = 30; lastKnownFileType = sourcecode.c.c; path = ldump.c; sourceTree = "<group>"; };
		B91844400BA1512F00D8DA81 /* lfunc.c */ = {isa = PBXFileReference; fileEncoding = 30; lastKnownFileType = sourcecode.c.c; path = lfunc.c; sourceTree = "<group>"; };
		B91844410BA1512F00D8DA81 /* lfunc.h */ = {isa = PBXFileReference; fileEncoding = 30; lastKnownFileType = sourcecode.c.h; path = lfunc.h; sourceTree = "<group>"; };
		B91844420BA1512F00D8DA81 /* lgc.c */ = {isa = PBXFileReference; fileEncoding = 30; lastKnownFileType = sourcecode.c.c; path = lgc.c; sourceTree = "<group>"; };
		B91844430BA1512F00D8DA81 /* lgc.h */ = {isa = PBXFileReference; fileEncoding = 30; lastKnownFileType = sourcecode.c.h; path = lgc.h; sourceTree = "<group>"; };
		B91844440BA1512F00D8DA81 /* linit.c */ = {isa = PBXFileReference; fileEncoding = 30; lastKnownFileType = sourcecode.c.c; path = linit.c; sourceTree = "<group>"; };
		B91844450BA1512F00D8DA81 /* liolib.c */ = {isa = PBXFileReference; fileEncoding = 30; lastKnownFileType = sourcecode.c.c; path = liolib.c; sourceTree = "<group>"; };
		B91844460BA1512F00D8DA81 /* llex.c */ = {isa = PBXFileReference; fileEncoding = 30; lastKnownFileType = sourcecode.c.c; path = llex.c; sourceTree = "<group>"; };
		B91844470BA1512F00D8DA81 /* llex.h */ = {isa = PBXFileReference; fileEncoding = 30; lastKnownFileType = sourcecode.c.h; path = llex.h; sourceTree = "<group>"; };
		B91844480BA1512F00D8DA81 /* llimits.h */ = {isa = PBXFileReference; fileEncoding = 30; lastKnownFileType = sourcecode.c.h; path = llimits.h; sourceTree = "<group>"; };
		B91844490BA1512F00D8DA81 /* lmathlib.c */ = {isa = PBXFileReference; fileEncoding = 30; lastKnownFileType = sourcecode.c.c; path = lmathlib.c; sourceTree = "<group>"; };
		B918444A0BA1512F00D8DA81 /* lmem.c */ = {isa = PBXFileReference; fileEncoding = 30; lastKnownFileType = sourcecode.c.c; path = lmem.c; sourceTree = "<group>"; };
		B918444B0BA1512F00D8DA81 /* lmem.h */ = {isa = PBXFileReference; fileEncoding = 30; lastKnownFileType = sourcecode.c.h; path = lmem.h; sourceTree = "<group>"; };
		B918444C0BA1512F00D8DA81 /* loadlib.c */ = {isa = PBXFileReference; fileEncoding = 30; lastKnownFileType = sourcecode.c.c; path = loadlib.c; sourceTree = "<group>"; };
		B918444D0BA1512F00D8DA81 /* lobject.c */ = {isa = PBXFileReference; fileEncoding = 30; lastKnownFileType = sourcecode.c.c; path = lobject.c; sourceTree = "<group>"; };
		B918444E0BA1512F00D8DA81 /* lobject.h */ = {isa = PBXFileReference; fileEncoding = 30; lastKnownFileType = sourcecode.c.h; path = lobject.h; sourceTree = "<group>"; };
		B918444F0BA1512F00D8DA81 /* lopcodes.c */ = {isa = PBXFileReference; fileEncoding = 30; lastKnownFileType = sourcecode.c.c; path = lopcodes.c; sourceTree = "<group>"; };
		B91844500BA1512F00D8DA81 /* lopcodes.h */ = {isa = PBXFileReference; fileEncoding = 30; lastKnownFileType = sourcecode.c.h; path = lopcodes.h; sourceTree = "<group>"; };
		B91844510BA1512F00D8DA81 /* loslib.c */ = {isa = PBXFileReference; fileEncoding = 30; lastKnownFileType = sourcecode.c.c; path = loslib.c; sourceTree = "<group>"; };
		B91844520BA1512F00D8DA81 /* lparser.c */ = {isa = PBXFileReference; fileEncoding = 30; lastKnownFileType = sourcecode.c.c; path = lparser.c; sourceTree = "<group>"; };
		B91844530BA1512F00D8DA81 /* lparser.h */ = {isa = PBXFileReference; fileEncoding = 30; lastKnownFileType = sourcecode.c.h; path = lparser.h; sourceTree = "<group>"; };
		B91844540BA1512F00D8DA81 /* lstate.c */ = {isa = PBXFileReference; fileEncoding = 30; lastKnownFileType = sourcecode.c.c; path = lstate.c; sourceTree = "<group>"; };
		B91844550BA1512F00D8DA81 /* lstate.h */ = {isa = PBXFileReference; fileEncoding = 30; lastKnownFileType = sourcecode.c.h; path = lstate.h; sourceTree = "<group>"; };
		B91844560BA1512F00D8DA81 /* lstring.c */ = {isa = PBXFileReference; fileEncoding = 30; lastKnownFileType = sourcecode.c.c; path = lstring.c; sourceTree = "<group>"; };
		B91844570BA1512F00D8DA81 /* lstring.h */ = {isa = PBXFileReference; fileEncoding = 30; lastKnownFileType = sourcecode.c.h; path = lstring.h; sourceTree = "<group>"; };
		B91844580BA1512F00D8DA81 /* lstrlib.c */ = {isa = PBXFileReference; fileEncoding = 30; lastKnownFileType = sourcecode.c.c; path = lstrlib.c; sourceTree = "<group>"; };
		B91844590BA1512F00D8DA81 /* ltable.c */ = {isa = PBXFileReference; fileEncoding = 30; lastKnownFileType = sourcecode.c.c; path = ltable.c; sourceTree = "<group>"; };
		B918445A0BA1512F00D8DA81 /* ltable.h */ = {isa = PBXFileReference; fileEncoding = 30; lastKnownFileType = sourcecode.c.h; path = ltable.h; sourceTree = "<group>"; };
		B918445B0BA1512F00D8DA81 /* ltablib.c */ = {isa = PBXFileReference; fileEncoding = 30; lastKnownFileType = sourcecode.c.c; path = ltablib.c; sourceTree = "<group>"; };
		B918445C0BA1512F00D8DA81 /* ltm.c */ = {isa = PBXFileReference; fileEncoding = 30; lastKnownFileType = sourcecode.c.c; path = ltm.c; sourceTree = "<group>"; };
		B918445D0BA1512F00D8DA81 /* ltm.h */ = {isa = PBXFileReference; fileEncoding = 30; lastKnownFileType = sourcecode.c.h; path = ltm.h; sourceTree = "<group>"; };
		B918445E0BA1512F00D8DA81 /* lua.h */ = {isa = PBXFileReference; fileEncoding = 30; lastKnownFileType = sourcecode.c.h; path = lua.h; sourceTree = "<group>"; };
		B918445F0BA1512F00D8DA81 /* luaconf.h */ = {isa = PBXFileReference; fileEncoding = 30; lastKnownFileType = sourcecode.c.h; path = luaconf.h; sourceTree = "<group>"; };
		B91844600BA1512F00D8DA81 /* lualib.h */ = {isa = PBXFileReference; fileEncoding = 30; lastKnownFileType = sourcecode.c.h; path = lualib.h; sourceTree = "<group>"; };
		B91844610BA1512F00D8DA81 /* lundump.c */ = {isa = PBXFileReference; fileEncoding = 30; lastKnownFileType = sourcecode.c.c; path = lundump.c; sourceTree = "<group>"; };
		B91844620BA1512F00D8DA81 /* lundump.h */ = {isa = PBXFileReference; fileEncoding = 30; lastKnownFileType = sourcecode.c.h; path = lundump.h; sourceTree = "<group>"; };
		B91844630BA1512F00D8DA81 /* lvm.c */ = {isa = PBXFileReference; fileEncoding = 30; lastKnownFileType = sourcecode.c.c; path = lvm.c; sourceTree = "<group>"; };
		B91844640BA1512F00D8DA81 /* lvm.h */ = {isa = PBXFileReference; fileEncoding = 30; lastKnownFileType = sourcecode.c.h; path = lvm.h; sourceTree = "<group>"; };
		B91844650BA1512F00D8DA81 /* lzio.c */ = {isa = PBXFileReference; fileEncoding = 30; lastKnownFileType = sourcecode.c.c; path = lzio.c; sourceTree = "<group>"; };
		B91844660BA1512F00D8DA81 /* lzio.h */ = {isa = PBXFileReference; fileEncoding = 30; lastKnownFileType = sourcecode.c.h; path = lzio.h; sourceTree = "<group>"; };
		B91844670BA1512F00D8DA81 /* print.c */ = {isa = PBXFileReference; fileEncoding = 30; lastKnownFileType = sourcecode.c.c; path = print.c; sourceTree = "<group>"; };
		B918448C0BA1540B00D8DA81 /* glv_lua.cpp */ = {isa = PBXFileReference; fileEncoding = 30; lastKnownFileType = sourcecode.cpp.cpp; path = glv_lua.cpp; sourceTree = "<group>"; };
		B918448D0BA1540B00D8DA81 /* glv_lua.h */ = {isa = PBXFileReference; fileEncoding = 30; lastKnownFileType = sourcecode.c.h; path = glv_lua.h; sourceTree = "<group>"; };
		B918448E0BA1540B00D8DA81 /* Lua_Udata.h */ = {isa = PBXFileReference; fileEncoding = 30; lastKnownFileType = sourcecode.c.h; path = Lua_Udata.h; sourceTree = "<group>"; };
		B918448F0BA1540B00D8DA81 /* Lua_Udata_GLV.cpp */ = {isa = PBXFileReference; fileEncoding = 30; lastKnownFileType = sourcecode.cpp.cpp; path = Lua_Udata_GLV.cpp; sourceTree = "<group>"; };
		B91844900BA1540B00D8DA81 /* Lua_Udata_GLV.h */ = {isa = PBXFileReference; fileEncoding = 30; lastKnownFileType = sourcecode.c.h; path = Lua_Udata_GLV.h; sourceTree = "<group>"; };
		B91844940BA1540B00D8DA81 /* Lua_Udata_Notify.h */ = {isa = PBXFileReference; fileEncoding = 30; lastKnownFileType = sourcecode.c.h; path = Lua_Udata_Notify.h; sourceTree = "<group>"; };
		B91844950BA1540B00D8DA81 /* Lua_Udata_Slider.cpp */ = {isa = PBXFileReference; fileEncoding = 30; lastKnownFileType = sourcecode.cpp.cpp; path = Lua_Udata_Slider.cpp; sourceTree = "<group>"; };
		B91844970BA1540B00D8DA81 /* Lua_Udata_View.cpp */ = {isa = PBXFileReference; fileEncoding = 30; lastKnownFileType = sourcecode.cpp.cpp; path = Lua_Udata_View.cpp; sourceTree = "<group>"; };
		B91844980BA1540B00D8DA81 /* Lua_Udata_View.h */ = {isa = PBXFileReference; fileEncoding = 30; lastKnownFileType = sourcecode.c.h; path = Lua_Udata_View.h; sourceTree = "<group>"; };
		B91844A40BA1548700D8DA81 /* Lua_Udata_Notify.cpp */ = {isa = PBXFileReference; fileEncoding = 30; lastKnownFileType = sourcecode.cpp.cpp; path = Lua_Udata_Notify.cpp; sourceTree = "<group>"; };
		B918450E0BA156E500D8DA81 /* Lua_GLVData.h */ = {isa = PBXFileReference; fileEncoding = 4; lastKnownFileType = sourcecode.c.h; path = Lua_GLVData.h; sourceTree = "<group>"; };
		B918450F0BA156E500D8DA81 /* Lua_GLVData.cpp */ = {isa = PBXFileReference; fileEncoding = 4; lastKnownFileType = sourcecode.cpp.cpp; path = Lua_GLVData.cpp; sourceTree = "<group>"; };
		B91846040BA15DCE00D8DA81 /* LuaGL.h */ = {isa = PBXFileReference; fileEncoding = 30; lastKnownFileType = sourcecode.c.h; path = LuaGL.h; sourceTree = "<group>"; };
		B91846050BA15DCE00D8DA81 /* LuaGlu.h */ = {isa = PBXFileReference; fileEncoding = 30; lastKnownFileType = sourcecode.c.h; path = LuaGlu.h; sourceTree = "<group>"; };
		B91846070BA15DCE00D8DA81 /* LuaGL.c */ = {isa = PBXFileReference; fileEncoding = 30; lastKnownFileType = sourcecode.c.c; path = LuaGL.c; sourceTree = "<group>"; };
		B91846080BA15DCE00D8DA81 /* LuaGlu.c */ = {isa = PBXFileReference; fileEncoding = 30; lastKnownFileType = sourcecode.c.c; path = LuaGlu.c; sourceTree = "<group>"; };
		B9AC43160B957162002C087C /* CoreServices.framework */ = {isa = PBXFileReference; lastKnownFileType = wrapper.framework; name = CoreServices.framework; path = /System/Library/Frameworks/CoreServices.framework; sourceTree = "<absolute>"; };
/* End PBXFileReference section */

/* Begin PBXFrameworksBuildPhase section */
		3657E4C20B7AC005005858EE /* Frameworks */ = {
			isa = PBXFrameworksBuildPhase;
			buildActionMask = 2147483647;
			files = (
				3657E5D40B7AC4D5005858EE /* Carbon.framework in Frameworks */,
				3657E5D50B7AC4D5005858EE /* OpenGL.framework in Frameworks */,
				3657EA1C0B7B1995005858EE /* AGL.framework in Frameworks */,
				B918442D0BA14F7400D8DA81 /* libfreetype.a in Frameworks */,
			);
			runOnlyForDeploymentPostprocessing = 0;
		};
		B917ADF40BA33E3F00E819AF /* Frameworks */ = {
			isa = PBXFrameworksBuildPhase;
			buildActionMask = 2147483647;
			files = (
				B917AE1C0BA33F2900E819AF /* Lua.framework in Frameworks */,
				B917AEDE0BA3403D00E819AF /* AGL.framework in Frameworks */,
				B917AEDF0BA3404200E819AF /* OpenGL.framework in Frameworks */,
			);
			runOnlyForDeploymentPostprocessing = 0;
		};
/* End PBXFrameworksBuildPhase section */

/* Begin PBXGroup section */
		360718700B7ABDBB00D732E8 = {
			isa = PBXGroup;
			children = (
				B917A7CC0BA243A400E819AF /* todo */,
				B917A79F0BA2439B00E819AF /* include */,
				B917A7D90BA243EF00E819AF /* src */,
				B917A7CE0BA243B700E819AF /* binding_carbon */,
				B918448B0BA1540B00D8DA81 /* lua_glv */,
				B917A8420BA2598B00E819AF /* lua_fontgl */,
				B91844010BA14DEF00D8DA81 /* test */,
				3657E6CC0B7ACCDF005858EE /* resources */,
				B917AE220BA33F3300E819AF /* Lua Module Resources */,
				3657E5D10B7AC4B9005858EE /* Libraries & Frameworks */,
				3657E4C50B7AC005005858EE /* Products */,
				3657E4C70B7AC005005858EE /* LuaGLVApp-Info.plist */,
				B917ADF70BA33E3F00E819AF /* LuaGLV.plist */,
			);
			sourceTree = "<group>";
		};
		3657E4C50B7AC005005858EE /* Products */ = {
			isa = PBXGroup;
			children = (
				3657E4C40B7AC005005858EE /* LuaGLVApp.app */,
				B917ADF60BA33E3F00E819AF /* glv.bundle */,
			);
			name = Products;
			sourceTree = "<group>";
		};
		3657E5D10B7AC4B9005858EE /* Libraries & Frameworks */ = {
			isa = PBXGroup;
			children = (
				B91844320BA1512F00D8DA81 /* Lua */,
				B91846020BA15DCE00D8DA81 /* LuaGL */,
				B918442C0BA14F7400D8DA81 /* libfreetype.a */,
				B9AC43160B957162002C087C /* CoreServices.framework */,
				3657EA1B0B7B1995005858EE /* AGL.framework */,
				3657E5D20B7AC4D5005858EE /* Carbon.framework */,
				3657E5D30B7AC4D5005858EE /* OpenGL.framework */,
			);
			name = "Libraries & Frameworks";
			sourceTree = "<group>";
		};
		3657E6CC0B7ACCDF005858EE /* resources */ = {
			isa = PBXGroup;
			children = (
				3657E6CF0B7ACD06005858EE /* main.nib */,
				3657E6D00B7ACD06005858EE /* main~.nib */,
			);
			name = resources;
			sourceTree = "<group>";
		};
		B917A79F0BA2439B00E819AF /* include */ = {
			isa = PBXGroup;
			children = (
				B917A7A00BA2439B00E819AF /* glv.h */,
				B917A7A10BA2439B00E819AF /* glv_abstract_binding.h */,
				B917A7A20BA2439B00E819AF /* glv_color.h */,
				B917A7A30BA2439B00E819AF /* glv_core.h */,
				B917A7A40BA2439B00E819AF /* glv_memory.h */,
				B917A7A50BA2439B00E819AF /* glv_observer_pattern.h */,
				B917A7A60BA2439B00E819AF /* glv_opengl.h */,
				B917A7A70BA2439B00E819AF /* glv_rect.h */,
				B917A7A80BA2439B00E819AF /* glv_sliders.h */,
				B917A7A90BA2439C00E819AF /* glv_util.h */,
			);
			name = include;
			path = ../../include;
			sourceTree = SOURCE_ROOT;
		};
		B917A7CE0BA243B700E819AF /* binding_carbon */ = {
			isa = PBXGroup;
			children = (
				B917A7D00BA243B700E819AF /* glv_binding_carbon.h */,
				B917A7CF0BA243B700E819AF /* glv_binding_carbon.cpp */,
			);
			name = binding_carbon;
			path = ../../osx/binding_carbon;
			sourceTree = SOURCE_ROOT;
		};
		B917A7D90BA243EF00E819AF /* src */ = {
			isa = PBXGroup;
			children = (
				B917A7E60BA243EF00E819AF /* FontGL */,
				B917A7E90BA243EF00E819AF /* glv_abstract_binding.cpp */,
				B917A7EA0BA243EF00E819AF /* glv_color.cpp */,
				B917A7EB0BA243EF00E819AF /* glv_glv.cpp */,
				B917A7EC0BA243EF00E819AF /* glv_inputdevice.cpp */,
				B917A7ED0BA243EF00E819AF /* glv_memory.cpp */,
				B917A7EE0BA243EF00E819AF /* glv_sliders.cpp */,
				B917A7EF0BA243EF00E819AF /* glv_util.cpp */,
				B917A7F00BA243EF00E819AF /* glv_view.cpp */,
			);
			name = src;
			path = ../../src;
			sourceTree = SOURCE_ROOT;
		};
		B917A7E60BA243EF00E819AF /* FontGL */ = {
			isa = PBXGroup;
			children = (
				B917A7E80BA243EF00E819AF /* FontGL.h */,
				B917A7E70BA243EF00E819AF /* FontGL.cpp */,
			);
			path = FontGL;
			sourceTree = "<group>";
		};
		B917A8420BA2598B00E819AF /* lua_fontgl */ = {
			isa = PBXGroup;
			children = (
				B917A8440BA2598B00E819AF /* LuaFontGL.h */,
				B917A8430BA2598B00E819AF /* LuaFontGL.cpp */,
			);
			name = lua_fontgl;
			path = ../lua_fontgl;
			sourceTree = SOURCE_ROOT;
		};
		B917AE220BA33F3300E819AF /* Lua Module Resources */ = {
			isa = PBXGroup;
			children = (
				B917AE1B0BA33F2900E819AF /* Lua.framework */,
			);
			name = "Lua Module Resources";
			sourceTree = "<group>";
		};
		B91844010BA14DEF00D8DA81 /* test */ = {
			isa = PBXGroup;
			children = (
				B917A86F0BA25B9B00E819AF /* ProFontWindows.ttf */,
				B91844030BA14DEF00D8DA81 /* test_luaglv.h */,
				B91844020BA14DEF00D8DA81 /* test_luaglv.cpp */,
				B917A8710BA25BA800E819AF /* test_luaglv.lua */,
			);
			name = test;
			path = ../test;
			sourceTree = SOURCE_ROOT;
		};
		B91844320BA1512F00D8DA81 /* Lua */ = {
			isa = PBXGroup;
			children = (
				B91844330BA1512F00D8DA81 /* lapi.c */,
				B91844340BA1512F00D8DA81 /* lapi.h */,
				B91844350BA1512F00D8DA81 /* lauxlib.c */,
				B91844360BA1512F00D8DA81 /* lauxlib.h */,
				B91844370BA1512F00D8DA81 /* lbaselib.c */,
				B91844380BA1512F00D8DA81 /* lcode.c */,
				B91844390BA1512F00D8DA81 /* lcode.h */,
				B918443A0BA1512F00D8DA81 /* ldblib.c */,
				B918443B0BA1512F00D8DA81 /* ldebug.c */,
				B918443C0BA1512F00D8DA81 /* ldebug.h */,
				B918443D0BA1512F00D8DA81 /* ldo.c */,
				B918443E0BA1512F00D8DA81 /* ldo.h */,
				B918443F0BA1512F00D8DA81 /* ldump.c */,
				B91844400BA1512F00D8DA81 /* lfunc.c */,
				B91844410BA1512F00D8DA81 /* lfunc.h */,
				B91844420BA1512F00D8DA81 /* lgc.c */,
				B91844430BA1512F00D8DA81 /* lgc.h */,
				B91844440BA1512F00D8DA81 /* linit.c */,
				B91844450BA1512F00D8DA81 /* liolib.c */,
				B91844460BA1512F00D8DA81 /* llex.c */,
				B91844470BA1512F00D8DA81 /* llex.h */,
				B91844480BA1512F00D8DA81 /* llimits.h */,
				B91844490BA1512F00D8DA81 /* lmathlib.c */,
				B918444A0BA1512F00D8DA81 /* lmem.c */,
				B918444B0BA1512F00D8DA81 /* lmem.h */,
				B918444C0BA1512F00D8DA81 /* loadlib.c */,
				B918444D0BA1512F00D8DA81 /* lobject.c */,
				B918444E0BA1512F00D8DA81 /* lobject.h */,
				B918444F0BA1512F00D8DA81 /* lopcodes.c */,
				B91844500BA1512F00D8DA81 /* lopcodes.h */,
				B91844510BA1512F00D8DA81 /* loslib.c */,
				B91844520BA1512F00D8DA81 /* lparser.c */,
				B91844530BA1512F00D8DA81 /* lparser.h */,
				B91844540BA1512F00D8DA81 /* lstate.c */,
				B91844550BA1512F00D8DA81 /* lstate.h */,
				B91844560BA1512F00D8DA81 /* lstring.c */,
				B91844570BA1512F00D8DA81 /* lstring.h */,
				B91844580BA1512F00D8DA81 /* lstrlib.c */,
				B91844590BA1512F00D8DA81 /* ltable.c */,
				B918445A0BA1512F00D8DA81 /* ltable.h */,
				B918445B0BA1512F00D8DA81 /* ltablib.c */,
				B918445C0BA1512F00D8DA81 /* ltm.c */,
				B918445D0BA1512F00D8DA81 /* ltm.h */,
				B918445E0BA1512F00D8DA81 /* lua.h */,
				B918445F0BA1512F00D8DA81 /* luaconf.h */,
				B91844600BA1512F00D8DA81 /* lualib.h */,
				B91844610BA1512F00D8DA81 /* lundump.c */,
				B91844620BA1512F00D8DA81 /* lundump.h */,
				B91844630BA1512F00D8DA81 /* lvm.c */,
				B91844640BA1512F00D8DA81 /* lvm.h */,
				B91844650BA1512F00D8DA81 /* lzio.c */,
				B91844660BA1512F00D8DA81 /* lzio.h */,
				B91844670BA1512F00D8DA81 /* print.c */,
			);
			name = Lua;
			path = ../Lua;
			sourceTree = SOURCE_ROOT;
		};
		B918448B0BA1540B00D8DA81 /* lua_glv */ = {
			isa = PBXGroup;
			children = (
				B918448D0BA1540B00D8DA81 /* glv_lua.h */,
				B918448C0BA1540B00D8DA81 /* glv_lua.cpp */,
				B918448E0BA1540B00D8DA81 /* Lua_Udata.h */,
				B91844900BA1540B00D8DA81 /* Lua_Udata_GLV.h */,
				B918448F0BA1540B00D8DA81 /* Lua_Udata_GLV.cpp */,
				B91844940BA1540B00D8DA81 /* Lua_Udata_Notify.h */,
				B91844A40BA1548700D8DA81 /* Lua_Udata_Notify.cpp */,
				B917A4FD0BA1D3E100E819AF /* Lua_Udata_Rect.h */,
				B917A4FE0BA1D3E100E819AF /* Lua_Udata_Rect.cpp */,
				B917A8AC0BA264A800E819AF /* Lua_Udata_Slider.h */,
				B91844950BA1540B00D8DA81 /* Lua_Udata_Slider.cpp */,
				B91844980BA1540B00D8DA81 /* Lua_Udata_View.h */,
				B91844970BA1540B00D8DA81 /* Lua_Udata_View.cpp */,
				B918450E0BA156E500D8DA81 /* Lua_GLVData.h */,
				B918450F0BA156E500D8DA81 /* Lua_GLVData.cpp */,
			);
			name = lua_glv;
			path = ../lua_glv;
			sourceTree = SOURCE_ROOT;
		};
		B91846020BA15DCE00D8DA81 /* LuaGL */ = {
			isa = PBXGroup;
			children = (
				B91846030BA15DCE00D8DA81 /* include */,
				B91846060BA15DCE00D8DA81 /* src */,
			);
			name = LuaGL;
			path = ../LuaGL;
			sourceTree = SOURCE_ROOT;
		};
		B91846030BA15DCE00D8DA81 /* include */ = {
			isa = PBXGroup;
			children = (
				B91846040BA15DCE00D8DA81 /* LuaGL.h */,
				B91846050BA15DCE00D8DA81 /* LuaGlu.h */,
			);
			path = include;
			sourceTree = "<group>";
		};
		B91846060BA15DCE00D8DA81 /* src */ = {
			isa = PBXGroup;
			children = (
				B91846070BA15DCE00D8DA81 /* LuaGL.c */,
				B91846080BA15DCE00D8DA81 /* LuaGlu.c */,
			);
			path = src;
			sourceTree = "<group>";
		};
/* End PBXGroup section */

/* Begin PBXNativeTarget section */
		3657E4C30B7AC005005858EE /* LuaGLVApp */ = {
			isa = PBXNativeTarget;
			buildConfigurationList = 3657E4C80B7AC006005858EE /* Build configuration list for PBXNativeTarget "LuaGLVApp" */;
			buildPhases = (
				3657E4C00B7AC005005858EE /* Resources */,
				3657E4C10B7AC005005858EE /* Sources */,
				3657E4C20B7AC005005858EE /* Frameworks */,
			);
			buildRules = (
			);
			dependencies = (
			);
			name = LuaGLVApp;
			productName = TestCarbon;
			productReference = 3657E4C40B7AC005005858EE /* LuaGLVApp.app */;
			productType = "com.apple.product-type.application";
		};
		B917ADF50BA33E3F00E819AF /* glv */ = {
			isa = PBXNativeTarget;
			buildConfigurationList = B917ADF80BA33E4000E819AF /* Build configuration list for PBXNativeTarget "glv" */;
			buildPhases = (
				B917ADF20BA33E3F00E819AF /* Resources */,
				B917ADF30BA33E3F00E819AF /* Sources */,
				B917ADF40BA33E3F00E819AF /* Frameworks */,
				B917AE090BA33EFF00E819AF /* ShellScript */,
			);
			buildRules = (
			);
			dependencies = (
			);
			name = glv;
			productName = glv;
			productReference = B917ADF60BA33E3F00E819AF /* glv.bundle */;
			productType = "com.apple.product-type.bundle";
		};
/* End PBXNativeTarget section */

/* Begin PBXProject section */
		360718720B7ABDBB00D732E8 /* Project object */ = {
			isa = PBXProject;
			buildConfigurationList = 360718730B7ABDBB00D732E8 /* Build configuration list for PBXProject "luaglv" */;
			hasScannedForEncodings = 0;
			mainGroup = 360718700B7ABDBB00D732E8;
			productRefGroup = 3657E4C50B7AC005005858EE /* Products */;
			projectDirPath = "";
			targets = (
				3657E4C30B7AC005005858EE /* LuaGLVApp */,
				B917ADF50BA33E3F00E819AF /* glv */,
			);
		};
/* End PBXProject section */

/* Begin PBXResourcesBuildPhase section */
		3657E4C00B7AC005005858EE /* Resources */ = {
			isa = PBXResourcesBuildPhase;
			buildActionMask = 2147483647;
			files = (
				B917A8770BA25BBD00E819AF /* test_luaglv.lua in Resources */,
				B917A8780BA25BC100E819AF /* ProFontWindows.ttf in Resources */,
				3657E6D10B7ACD06005858EE /* main.nib in Resources */,
				3657E6D20B7ACD06005858EE /* main~.nib in Resources */,
				B917A7CD0BA243A400E819AF /* todo in Resources */,
			);
			runOnlyForDeploymentPostprocessing = 0;
		};
		B917ADF20BA33E3F00E819AF /* Resources */ = {
			isa = PBXResourcesBuildPhase;
			buildActionMask = 2147483647;
			files = (
			);
			runOnlyForDeploymentPostprocessing = 0;
		};
/* End PBXResourcesBuildPhase section */

/* Begin PBXShellScriptBuildPhase section */
		B917AE090BA33EFF00E819AF /* ShellScript */ = {
			isa = PBXShellScriptBuildPhase;
			buildActionMask = 2147483647;
			files = (
			);
			inputPaths = (
			);
			outputPaths = (
			);
			runOnlyForDeploymentPostprocessing = 0;
			shellPath = /bin/sh;
			shellScript = "cd $BUILT_PRODUCTS_DIR/$PRODUCT_NAME.$WRAPPER_EXTENSION/Contents/MacOS\nmv $PRODUCT_NAME ../../../\ncd ../../../\nrm -r $PRODUCT_NAME.$WRAPPER_EXTENSION\nmv $PRODUCT_NAME $PRODUCT_NAME.so";
		};
/* End PBXShellScriptBuildPhase section */

/* Begin PBXSourcesBuildPhase section */
		3657E4C10B7AC005005858EE /* Sources */ = {
			isa = PBXSourcesBuildPhase;
			buildActionMask = 2147483647;
			files = (
				B91844040BA14DEF00D8DA81 /* test_luaglv.cpp in Sources */,
				B91844680BA1512F00D8DA81 /* lapi.c in Sources */,
				B91844690BA1512F00D8DA81 /* lauxlib.c in Sources */,
				B918446A0BA1512F00D8DA81 /* lbaselib.c in Sources */,
				B918446B0BA1512F00D8DA81 /* lcode.c in Sources */,
				B918446C0BA1512F00D8DA81 /* ldblib.c in Sources */,
				B918446D0BA1512F00D8DA81 /* ldebug.c in Sources */,
				B918446E0BA1512F00D8DA81 /* ldo.c in Sources */,
				B918446F0BA1512F00D8DA81 /* ldump.c in Sources */,
				B91844700BA1512F00D8DA81 /* lfunc.c in Sources */,
				B91844710BA1512F00D8DA81 /* lgc.c in Sources */,
				B91844720BA1512F00D8DA81 /* linit.c in Sources */,
				B91844730BA1512F00D8DA81 /* liolib.c in Sources */,
				B91844740BA1512F00D8DA81 /* llex.c in Sources */,
				B91844750BA1512F00D8DA81 /* lmathlib.c in Sources */,
				B91844760BA1512F00D8DA81 /* lmem.c in Sources */,
				B91844770BA1512F00D8DA81 /* loadlib.c in Sources */,
				B91844780BA1512F00D8DA81 /* lobject.c in Sources */,
				B91844790BA1512F00D8DA81 /* lopcodes.c in Sources */,
				B918447A0BA1512F00D8DA81 /* loslib.c in Sources */,
				B918447B0BA1512F00D8DA81 /* lparser.c in Sources */,
				B918447C0BA1512F00D8DA81 /* lstate.c in Sources */,
				B918447D0BA1512F00D8DA81 /* lstring.c in Sources */,
				B918447E0BA1512F00D8DA81 /* lstrlib.c in Sources */,
				B918447F0BA1512F00D8DA81 /* ltable.c in Sources */,
				B91844800BA1512F00D8DA81 /* ltablib.c in Sources */,
				B91844810BA1512F00D8DA81 /* ltm.c in Sources */,
				B91844820BA1512F00D8DA81 /* lundump.c in Sources */,
				B91844830BA1512F00D8DA81 /* lvm.c in Sources */,
				B91844840BA1512F00D8DA81 /* lzio.c in Sources */,
				B91844850BA1512F00D8DA81 /* print.c in Sources */,
				B918449C0BA1540B00D8DA81 /* glv_lua.cpp in Sources */,
				B918449D0BA1540B00D8DA81 /* Lua_Udata_GLV.cpp in Sources */,
				B91844A10BA1540B00D8DA81 /* Lua_Udata_View.cpp in Sources */,
				B91844A60BA1549F00D8DA81 /* Lua_Udata_Notify.cpp in Sources */,
				B91845100BA156E500D8DA81 /* Lua_GLVData.cpp in Sources */,
				B91846090BA15DCE00D8DA81 /* LuaGL.c in Sources */,
				B918460A0BA15DCE00D8DA81 /* LuaGlu.c in Sources */,
				B917A4FF0BA1D3E100E819AF /* Lua_Udata_Rect.cpp in Sources */,
				B917A7D10BA243B700E819AF /* glv_binding_carbon.cpp in Sources */,
				B917A7F60BA243EF00E819AF /* FontGL.cpp in Sources */,
				B917A7F70BA243EF00E819AF /* glv_abstract_binding.cpp in Sources */,
				B917A7F80BA243EF00E819AF /* glv_color.cpp in Sources */,
				B917A7F90BA243EF00E819AF /* glv_glv.cpp in Sources */,
				B917A7FA0BA243EF00E819AF /* glv_inputdevice.cpp in Sources */,
				B917A7FB0BA243EF00E819AF /* glv_memory.cpp in Sources */,
				B917A7FC0BA243EF00E819AF /* glv_sliders.cpp in Sources */,
				B917A7FD0BA243EF00E819AF /* glv_util.cpp in Sources */,
				B917A7FE0BA243EF00E819AF /* glv_view.cpp in Sources */,
				B917A8450BA2598B00E819AF /* LuaFontGL.cpp in Sources */,
				B917A8A40BA263E500E819AF /* Lua_Udata_Slider.cpp in Sources */,
			);
			runOnlyForDeploymentPostprocessing = 0;
		};
		B917ADF30BA33E3F00E819AF /* Sources */ = {
			isa = PBXSourcesBuildPhase;
			buildActionMask = 2147483647;
			files = (
				B917AE240BA33F5B00E819AF /* Lua_Udata_View.cpp in Sources */,
				B917AE250BA33F5C00E819AF /* Lua_Udata_Slider.cpp in Sources */,
				B917AE260BA33F5D00E819AF /* Lua_Udata_Rect.cpp in Sources */,
				B917AE280BA33F5F00E819AF /* Lua_Udata_Notify.cpp in Sources */,
				B917AE290BA33F5F00E819AF /* Lua_Udata_GLV.cpp in Sources */,
				B917AE2A0BA33F6000E819AF /* Lua_GLVData.cpp in Sources */,
				B917AE2B0BA33F6000E819AF /* glv_lua.cpp in Sources */,
				B917AE2D0BA33F6C00E819AF /* glv_abstract_binding.cpp in Sources */,
				B917AE2E0BA33F6C00E819AF /* glv_color.cpp in Sources */,
				B917AE2F0BA33F6D00E819AF /* glv_glv.cpp in Sources */,
				B917AE300BA33F6E00E819AF /* glv_inputdevice.cpp in Sources */,
				B917AE310BA33F6E00E819AF /* glv_memory.cpp in Sources */,
				B917AE320BA33F6F00E819AF /* glv_sliders.cpp in Sources */,
				B917AE330BA33F6F00E819AF /* glv_util.cpp in Sources */,
				B917AE340BA33F7000E819AF /* glv_view.cpp in Sources */,
			);
			runOnlyForDeploymentPostprocessing = 0;
		};
/* End PBXSourcesBuildPhase section */

/* Begin XCBuildConfiguration section */
		360718740B7ABDBB00D732E8 /* Debug */ = {
			isa = XCBuildConfiguration;
			buildSettings = {
				COPY_PHASE_STRIP = NO;
			};
			name = Debug;
		};
		360718750B7ABDBB00D732E8 /* Release */ = {
			isa = XCBuildConfiguration;
			buildSettings = {
				COPY_PHASE_STRIP = YES;
			};
			name = Release;
		};
		3657E4C90B7AC006005858EE /* Debug */ = {
			isa = XCBuildConfiguration;
			buildSettings = {
				COPY_PHASE_STRIP = NO;
				GCC_DYNAMIC_NO_PIC = NO;
				GCC_ENABLE_FIX_AND_CONTINUE = YES;
				GCC_GENERATE_DEBUGGING_SYMBOLS = YES;
				GCC_MODEL_TUNING = G5;
				GCC_OPTIMIZATION_LEVEL = 0;
				GCC_PRECOMPILE_PREFIX_HEADER = YES;
				GCC_PREFIX_HEADER = "$(SYSTEM_LIBRARY_DIR)/Frameworks/Carbon.framework/Headers/Carbon.h";
				INFOPLIST_FILE = "LuaGLVApp-Info.plist";
				INSTALL_PATH = "$(HOME)/Applications";
				OTHER_CFLAGS = "-DLUA_USE_MACOSX";
				OTHER_LDFLAGS = (
					"-framework",
					Carbon,
				);
				PREBINDING = NO;
				PRODUCT_NAME = LuaGLVApp;
				WRAPPER_EXTENSION = app;
				ZERO_LINK = YES;
			};
			name = Debug;
		};
		3657E4CA0B7AC006005858EE /* Release */ = {
			isa = XCBuildConfiguration;
			buildSettings = {
				COPY_PHASE_STRIP = YES;
				GCC_ENABLE_FIX_AND_CONTINUE = NO;
				GCC_GENERATE_DEBUGGING_SYMBOLS = NO;
				GCC_MODEL_TUNING = G5;
				GCC_PRECOMPILE_PREFIX_HEADER = YES;
				GCC_PREFIX_HEADER = "$(SYSTEM_LIBRARY_DIR)/Frameworks/Carbon.framework/Headers/Carbon.h";
				INFOPLIST_FILE = "LuaGLVApp-Info.plist";
				INSTALL_PATH = "$(HOME)/Applications";
				OTHER_CFLAGS = "-DLUA_USE_MACOSX";
				OTHER_LDFLAGS = (
					"-framework",
					Carbon,
				);
				PREBINDING = NO;
				PRODUCT_NAME = LuaGLVApp;
				WRAPPER_EXTENSION = app;
				ZERO_LINK = NO;
			};
			name = Release;
		};
		B917ADF90BA33E4000E819AF /* Debug */ = {
			isa = XCBuildConfiguration;
			buildSettings = {
				COPY_PHASE_STRIP = NO;
				EXECUTABLE_EXTENSION = so;
				GCC_DYNAMIC_NO_PIC = NO;
				GCC_ENABLE_FIX_AND_CONTINUE = YES;
				GCC_GENERATE_DEBUGGING_SYMBOLS = YES;
				GCC_MODEL_TUNING = G5;
				GCC_OPTIMIZATION_LEVEL = 0;
				GCC_PRECOMPILE_PREFIX_HEADER = YES;
				GCC_PREFIX_HEADER = "";
				INFOPLIST_FILE = LuaGLV.plist;
				INSTALL_PATH = "$(HOME)/Library/Bundles";
				LIBRARY_SEARCH_PATHS = (
					/usr/local/lib,
					/Library/Frameworks,
				);
				OTHER_LDFLAGS = "";
				PREBINDING = NO;
				PRODUCT_NAME = glv;
				USER_HEADER_SEARCH_PATHS = /Library/Frameworks/Lua.framework/Headers/;
				WRAPPER_EXTENSION = bundle;
				ZERO_LINK = YES;
			};
			name = Debug;
		};
		B917ADFA0BA33E4000E819AF /* Release */ = {
			isa = XCBuildConfiguration;
			buildSettings = {
				ARCHS = (
					ppc,
					i386,
				);
				COPY_PHASE_STRIP = YES;
				EXECUTABLE_EXTENSION = so;
				GCC_ENABLE_FIX_AND_CONTINUE = NO;
				GCC_GENERATE_DEBUGGING_SYMBOLS = NO;
				GCC_MODEL_TUNING = G5;
				GCC_PRECOMPILE_PREFIX_HEADER = YES;
				GCC_PREFIX_HEADER = "";
				INFOPLIST_FILE = LuaGLV.plist;
				INSTALL_PATH = "$(HOME)/Library/Bundles";
				LIBRARY_SEARCH_PATHS = (
					/usr/local/lib,
					/Library/Frameworks,
				);
				OTHER_LDFLAGS = "";
				PREBINDING = NO;
				PRODUCT_NAME = glv;
				USER_HEADER_SEARCH_PATHS = /Library/Frameworks/Lua.framework/Headers/;
				WRAPPER_EXTENSION = bundle;
				ZERO_LINK = NO;
			};
			name = Release;
		};
/* End XCBuildConfiguration section */

/* Begin XCConfigurationList section */
		360718730B7ABDBB00D732E8 /* Build configuration list for PBXProject "luaglv" */ = {
			isa = XCConfigurationList;
			buildConfigurations = (
				360718740B7ABDBB00D732E8 /* Debug */,
				360718750B7ABDBB00D732E8 /* Release */,
			);
			defaultConfigurationIsVisible = 0;
			defaultConfigurationName = Release;
		};
		3657E4C80B7AC006005858EE /* Build configuration list for PBXNativeTarget "LuaGLVApp" */ = {
			isa = XCConfigurationList;
			buildConfigurations = (
				3657E4C90B7AC006005858EE /* Debug */,
				3657E4CA0B7AC006005858EE /* Release */,
			);
			defaultConfigurationIsVisible = 0;
			defaultConfigurationName = Release;
		};
		B917ADF80BA33E4000E819AF /* Build configuration list for PBXNativeTarget "glv" */ = {
			isa = XCConfigurationList;
			buildConfigurations = (
				B917ADF90BA33E4000E819AF /* Debug */,
				B917ADFA0BA33E4000E819AF /* Release */,
			);
			defaultConfigurationIsVisible = 0;
			defaultConfigurationName = Release;
		};
/* End XCConfigurationList section */
	};
	rootObject = 360718720B7ABDBB00D732E8 /* Project object */;
}
